PODS:
  - Alamofire (4.8.0)
  - BEMCheckBox (1.4.1)
  - BetterSegmentedControl (0.9)
  - Crashlytics (3.11.1):
    - Fabric (~> 1.8.1)
  - DLRadioButton (1.4.12)
  - Fabric (1.8.2)
  - Gloss (2.0.1)
  - GoogleAPIClientForREST/Core (1.2.1):
    - GTMSessionFetcher (>= 1.1.7)
  - GoogleAPIClientForREST/Sheets (1.2.1):
    - GoogleAPIClientForREST/Core
    - GTMSessionFetcher (>= 1.1.7)
  - GoogleSignIn (4.1.2):
    - "GoogleToolboxForMac/NSDictionary+URLArguments (~> 2.1)"
    - "GoogleToolboxForMac/NSString+URLArguments (~> 2.1)"
    - GTMOAuth2 (~> 1.0)
    - GTMSessionFetcher/Core (~> 1.1)
  - GoogleToolboxForMac/DebugUtils (2.1.4):
    - GoogleToolboxForMac/Defines (= 2.1.4)
  - GoogleToolboxForMac/Defines (2.1.4)
  - "GoogleToolboxForMac/NSDictionary+URLArguments (2.1.4)":
    - GoogleToolboxForMac/DebugUtils (= 2.1.4)
    - GoogleToolboxForMac/Defines (= 2.1.4)
    - "GoogleToolboxForMac/NSString+URLArguments (= 2.1.4)"
  - "GoogleToolboxForMac/NSString+URLArguments (2.1.4)"
  - GTMOAuth2 (1.1.6):
    - GTMSessionFetcher (~> 1.1)
  - GTMSessionFetcher (1.2.1):
    - GTMSessionFetcher/Full (= 1.2.1)
  - GTMSessionFetcher/Core (1.2.1)
  - GTMSessionFetcher/Full (1.2.1):
    - GTMSessionFetcher/Core (= 1.2.1)
  - ILPDFKit (1.2.5)
  - IQKeyboardManagerSwift (6.2.0)
  - Moya (12.0.1):
    - Moya/Core (= 12.0.1)
  - Moya/Core (12.0.1):
    - Alamofire (~> 4.1)
    - Result (~> 4.0)
  - Nuke (7.5.1)
  - PromiseKit (6.5.3):
    - PromiseKit/CorePromise (= 6.5.3)
    - PromiseKit/Foundation (= 6.5.3)
    - PromiseKit/UIKit (= 6.5.3)
  - PromiseKit/CorePromise (6.5.3)
  - PromiseKit/Foundation (6.5.3):
    - PromiseKit/CorePromise
  - PromiseKit/UIKit (6.5.3):
    - PromiseKit/CorePromise
  - Realm (3.11.2):
    - Realm/Headers (= 3.11.2)
  - Realm/Headers (3.11.2)
  - RealmSwift (3.11.2):
    - Realm (= 3.11.2)
  - Result (4.0.0)

DEPENDENCIES:
  - Alamofire
  - BEMCheckBox
  - BetterSegmentedControl (~> 0.9)
  - Crashlytics
  - DLRadioButton
  - Fabric
  - Gloss (~> 2.0)
  - GoogleAPIClientForREST/Sheets (~> 1.2.1)
  - GoogleSignIn (~> 4.1.1)
  - ILPDFKit
  - IQKeyboardManagerSwift
  - Moya
  - Nuke
  - PromiseKit (~> 6.0)
  - RealmSwift

SPEC REPOS:
  https://github.com/cocoapods/specs.git:
    - Alamofire
    - BEMCheckBox
    - BetterSegmentedControl
    - Crashlytics
    - DLRadioButton
    - Fabric
    - Gloss
    - GoogleAPIClientForREST
    - GoogleSignIn
    - GoogleToolboxForMac
    - GTMOAuth2
    - GTMSessionFetcher
    - ILPDFKit
    - IQKeyboardManagerSwift
    - Moya
    - Nuke
    - PromiseKit
    - Realm
    - RealmSwift
    - Result

SPEC CHECKSUMS:
  Alamofire: 3ec537f71edc9804815215393ae2b1a8ea33a844
  BEMCheckBox: 5ba6e37ade3d3657b36caecc35c8b75c6c2b1a4e
  BetterSegmentedControl: 40b2b6a08bbc59663149624d1b5235efa8d43a3c
  Crashlytics: ca7ab4bc304aa216bdc2e4c1a96389ee77252203
  DLRadioButton: d7c4e225ed0e8013cef7be61455230c7557ad7c1
  Fabric: d2b22f443ba195d8a7cc204da230977c72733b40
  Gloss: 1e8743f8de1fbe14a97f220ff901cba91ae5f8f8
  GoogleAPIClientForREST: a8b95a252014ce2e618df6b75dc72eca2c00b4af
  GoogleSignIn: d9ef55b10f0aa401a5de2747f59b725e4b9732ac
  GoogleToolboxForMac: 91c824d21e85b31c2aae9bb011c5027c9b4e738f
  GTMOAuth2: c77fe325e4acd453837e72d91e3b5f13116857b2
  GTMSessionFetcher: 32aeca0aa144acea523e1c8e053089dec2cb98ca
  ILPDFKit: ccccf31fd5a7992275798bec02e055fdc39e3b14
  IQKeyboardManagerSwift: b07ccf9d8cafe993dcd6cb794eb4ba34611a0c4e
  Moya: cf730b3cd9e005401ef37a85143aa141a12fd38f
  Nuke: 3814db501e55f17951451839c726ffd91641e9a5
  PromiseKit: c609029bdd801f792551a504c695c7d3098b42cd
  Realm: 864477d028db77f7c5a0cba64a4892ad53db128a
  RealmSwift: 12b8262fc08020b47de4fd88eb3d5c9425b34ec7
  Result: 7645bb3f50c2ce726dd0ff2fa7b6f42bbe6c3713

PODFILE CHECKSUM: b4f6ec6eb06dc4a4a73e6b5826c16004a0bd9f43

COCOAPODS: 1.5.3
