PODS:
  - Alamofire (4.8.0)
  - Crashlytics (3.11.1):
    - Fabric (~> 1.8.1)
  - Fabric (1.8.2)
  - Gloss (2.0.1)
  - IQKeyboardManagerSwift (6.2.0)
  - Moya (12.0.1):
    - Moya/Core (= 12.0.1)
  - Moya/Core (12.0.1):
    - Alamofire (~> 4.1)
    - Result (~> 4.0)
  - Nuke (7.5.1)
  - PromiseKit (6.5.3):
    - PromiseKit/CorePromise (= 6.5.3)
    - PromiseKit/Foundation (= 6.5.3)
    - PromiseKit/UIKit (= 6.5.3)
  - PromiseKit/CorePromise (6.5.3)
  - PromiseKit/Foundation (6.5.3):
    - PromiseKit/CorePromise
  - PromiseKit/UIKit (6.5.3):
    - PromiseKit/CorePromise
  - Result (4.0.0)

DEPENDENCIES:
  - Alamofire
  - Crashlytics
  - Fabric
  - Gloss (~> 2.0)
  - IQKeyboardManagerSwift
  - Moya
  - Nuke
  - PromiseKit (~> 6.0)

SPEC REPOS:
  https://github.com/cocoapods/specs.git:
    - Alamofire
    - Crashlytics
    - Fabric
    - Gloss
    - IQKeyboardManagerSwift
    - Moya
    - Nuke
    - PromiseKit
    - Result

SPEC CHECKSUMS:
  Alamofire: 3ec537f71edc9804815215393ae2b1a8ea33a844
  Crashlytics: ca7ab4bc304aa216bdc2e4c1a96389ee77252203
  Fabric: d2b22f443ba195d8a7cc204da230977c72733b40
  Gloss: 1e8743f8de1fbe14a97f220ff901cba91ae5f8f8
  IQKeyboardManagerSwift: b07ccf9d8cafe993dcd6cb794eb4ba34611a0c4e
  Moya: cf730b3cd9e005401ef37a85143aa141a12fd38f
  Nuke: 3814db501e55f17951451839c726ffd91641e9a5
  PromiseKit: c609029bdd801f792551a504c695c7d3098b42cd
  Result: 7645bb3f50c2ce726dd0ff2fa7b6f42bbe6c3713

PODFILE CHECKSUM: d7d7ad67231989361184c71b04807ec7485a69d1

COCOAPODS: 1.5.3
