// !$*UTF8*$!
{
	archiveVersion = 1;
	classes = {
	};
	objectVersion = 50;
	objects = {

/* Begin PBXBuildFile section */
		86524F15A3EFDE36A6D583CC /* Pods_Curator_App.framework in Frameworks */ = {isa = PBXBuildFile; fileRef = 3C9034EDC0FEDB8C92EBBB52 /* Pods_Curator_App.framework */; };
		9A0FBA0921BD588500748346 /* MoyaProfileService.swift in Sources */ = {isa = PBXBuildFile; fileRef = 9A0FBA0821BD588500748346 /* MoyaProfileService.swift */; };
		9A133C2F21C82F85006DA32D /* MaterialsTableViewController.swift in Sources */ = {isa = PBXBuildFile; fileRef = 9A133C2E21C82F85006DA32D /* MaterialsTableViewController.swift */; };
		9A133C3121C8308B006DA32D /* MaterialModel.swift in Sources */ = {isa = PBXBuildFile; fileRef = 9A133C3021C8308B006DA32D /* MaterialModel.swift */; };
		9A133C3321C8352D006DA32D /* AddMaterialViewController.swift in Sources */ = {isa = PBXBuildFile; fileRef = 9A133C3221C8352D006DA32D /* AddMaterialViewController.swift */; };
		9A23E64D21ADE8390015B779 /* CreateCourseWorkStepViewController.swift in Sources */ = {isa = PBXBuildFile; fileRef = 9A23E64C21ADE8390015B779 /* CreateCourseWorkStepViewController.swift */; };
		9A23E64F21ADF1700015B779 /* DetailWorkStepViewController.swift in Sources */ = {isa = PBXBuildFile; fileRef = 9A23E64E21ADF1700015B779 /* DetailWorkStepViewController.swift */; };
		9A455D87219237B6009F160A /* ThemeSuggestionViewController.swift in Sources */ = {isa = PBXBuildFile; fileRef = 9A455D86219237B6009F160A /* ThemeSuggestionViewController.swift */; };
		9A455D8921923B67009F160A /* SuggestionThemeCommentTableViewCell.swift in Sources */ = {isa = PBXBuildFile; fileRef = 9A455D8821923B67009F160A /* SuggestionThemeCommentTableViewCell.swift */; };
		9A553D7921C3AB2B0054609D /* Curator_AppUITests.swift in Sources */ = {isa = PBXBuildFile; fileRef = 9A553D7821C3AB2B0054609D /* Curator_AppUITests.swift */; };
		9A553D8321C3AC5C0054609D /* AppManager.swift in Sources */ = {isa = PBXBuildFile; fileRef = 9A553D8221C3AC5C0054609D /* AppManager.swift */; };
		9A553D8621C3AD260054609D /* HelperBase.swift in Sources */ = {isa = PBXBuildFile; fileRef = 9A553D8521C3AD260054609D /* HelperBase.swift */; };
		9A553D8821C3AD360054609D /* LoginHelper.swift in Sources */ = {isa = PBXBuildFile; fileRef = 9A553D8721C3AD360054609D /* LoginHelper.swift */; };
		9A553D8A21C3AE370054609D /* TestBase.swift in Sources */ = {isa = PBXBuildFile; fileRef = 9A553D8921C3AE370054609D /* TestBase.swift */; };
		9A553D8F21C3AEE60054609D /* UserData.swift in Sources */ = {isa = PBXBuildFile; fileRef = 9A553D8E21C3AEE60054609D /* UserData.swift */; };
		9A553D9221C3FB550054609D /* MoyaSubjectService.swift in Sources */ = {isa = PBXBuildFile; fileRef = 9A553D9121C3FB550054609D /* MoyaSubjectService.swift */; };
		9A553D9421C43A750054609D /* MoyaStudentService.swift in Sources */ = {isa = PBXBuildFile; fileRef = 9A553D9321C43A750054609D /* MoyaStudentService.swift */; };
		9A553D9621C55B100054609D /* SuggestionModel.swift in Sources */ = {isa = PBXBuildFile; fileRef = 9A553D9521C55B100054609D /* SuggestionModel.swift */; };
		9A553D9A21C5C60A0054609D /* StepCommentTableViewCell.swift in Sources */ = {isa = PBXBuildFile; fileRef = 9A553D9921C5C60A0054609D /* StepCommentTableViewCell.swift */; };
		9A553D9C21C5C9180054609D /* CommentModel.swift in Sources */ = {isa = PBXBuildFile; fileRef = 9A553D9B21C5C9180054609D /* CommentModel.swift */; };
		9A63FE9E2175D86100D74116 /* ProfileViewController.swift in Sources */ = {isa = PBXBuildFile; fileRef = 9A63FE9D2175D86100D74116 /* ProfileViewController.swift */; };
		9A63FEAA21767D5500D74116 /* Profile.storyboard in Resources */ = {isa = PBXBuildFile; fileRef = 9A63FEA921767D5500D74116 /* Profile.storyboard */; };
		9A63FEAD2177285F00D74116 /* AboutMyselfViewController.swift in Sources */ = {isa = PBXBuildFile; fileRef = 9A63FEAC2177285F00D74116 /* AboutMyselfViewController.swift */; };
		9A63FEAF21772D1700D74116 /* CompetitionsViewController.swift in Sources */ = {isa = PBXBuildFile; fileRef = 9A63FEAE21772D1700D74116 /* CompetitionsViewController.swift */; };
		9A63FEB121772DC000D74116 /* CourseWorksTableViewController.swift in Sources */ = {isa = PBXBuildFile; fileRef = 9A63FEB021772DC000D74116 /* CourseWorksTableViewController.swift */; };
		9A6E9A00217FB6D9003D2565 /* CompetentionsTableViewController.swift in Sources */ = {isa = PBXBuildFile; fileRef = 9A6E99FF217FB6D9003D2565 /* CompetentionsTableViewController.swift */; };
		9A6E9A06217FBADA003D2565 /* CourseWork.storyboard in Resources */ = {isa = PBXBuildFile; fileRef = 9A6E9A05217FBADA003D2565 /* CourseWork.storyboard */; };
		9A6E9A08217FBF2A003D2565 /* CourseWorkTableViewController.swift in Sources */ = {isa = PBXBuildFile; fileRef = 9A6E9A07217FBF2A003D2565 /* CourseWorkTableViewController.swift */; };
		9A6E9A0B217FC401003D2565 /* ProfileService.swift in Sources */ = {isa = PBXBuildFile; fileRef = 9A6E9A0A217FC400003D2565 /* ProfileService.swift */; };
		9A6E9A0D217FC41A003D2565 /* DefaultProfileService.swift in Sources */ = {isa = PBXBuildFile; fileRef = 9A6E9A0C217FC41A003D2565 /* DefaultProfileService.swift */; };
		9A6E9A0F217FC57D003D2565 /* Profile.swift in Sources */ = {isa = PBXBuildFile; fileRef = 9A6E9A0E217FC57D003D2565 /* Profile.swift */; };
		9A6E9A11217FC79C003D2565 /* ProfileExtractor.swift in Sources */ = {isa = PBXBuildFile; fileRef = 9A6E9A10217FC79C003D2565 /* ProfileExtractor.swift */; };
		9A6E9A13217FC7E2003D2565 /* DefaultProfileExtractor.swift in Sources */ = {isa = PBXBuildFile; fileRef = 9A6E9A12217FC7E2003D2565 /* DefaultProfileExtractor.swift */; };
		9A7DC87321728DF900F8B884 /* AppDelegate.swift in Sources */ = {isa = PBXBuildFile; fileRef = 9A7DC87221728DF900F8B884 /* AppDelegate.swift */; };
		9A7DC87821728DF900F8B884 /* Login.storyboard in Resources */ = {isa = PBXBuildFile; fileRef = 9A7DC87621728DF900F8B884 /* Login.storyboard */; };
		9A7DC87A21728DFB00F8B884 /* Assets.xcassets in Resources */ = {isa = PBXBuildFile; fileRef = 9A7DC87921728DFB00F8B884 /* Assets.xcassets */; };
		9A7DC87D21728DFB00F8B884 /* LaunchScreen.storyboard in Resources */ = {isa = PBXBuildFile; fileRef = 9A7DC87B21728DFB00F8B884 /* LaunchScreen.storyboard */; };
		9A815A67217369550042E293 /* LoginViewController.swift in Sources */ = {isa = PBXBuildFile; fileRef = 9A815A66217369550042E293 /* LoginViewController.swift */; };
		9A815A7D2173C6A00042E293 /* WebStatusCode.swift in Sources */ = {isa = PBXBuildFile; fileRef = 9A815A6B2173C6A00042E293 /* WebStatusCode.swift */; };
		9A815A7E2173C6A00042E293 /* WebMultiPartDataItem.swift in Sources */ = {isa = PBXBuildFile; fileRef = 9A815A6C2173C6A00042E293 /* WebMultiPartDataItem.swift */; };
		9A815A7F2173C6A00042E293 /* AlamofireWebHandler.swift in Sources */ = {isa = PBXBuildFile; fileRef = 9A815A6E2173C6A00042E293 /* AlamofireWebHandler.swift */; };
		9A815A802173C6A00042E293 /* AlamofireWebRequestAdapter.swift in Sources */ = {isa = PBXBuildFile; fileRef = 9A815A6F2173C6A00042E293 /* AlamofireWebRequestAdapter.swift */; };
		9A815A812173C6A00042E293 /* AlamofireWebService.swift in Sources */ = {isa = PBXBuildFile; fileRef = 9A815A702173C6A00042E293 /* AlamofireWebService.swift */; };
		9A815A822173C6A00042E293 /* AlamofireWebError.swift in Sources */ = {isa = PBXBuildFile; fileRef = 9A815A712173C6A00042E293 /* AlamofireWebError.swift */; };
		9A815A832173C6A00042E293 /* WebRequest.swift in Sources */ = {isa = PBXBuildFile; fileRef = 9A815A722173C6A00042E293 /* WebRequest.swift */; };
		9A815A842173C6A00042E293 /* WebMultiPart.swift in Sources */ = {isa = PBXBuildFile; fileRef = 9A815A732173C6A00042E293 /* WebMultiPart.swift */; };
		9A815A852173C6A00042E293 /* WebError.swift in Sources */ = {isa = PBXBuildFile; fileRef = 9A815A742173C6A00042E293 /* WebError.swift */; };
		9A815A862173C6A00042E293 /* WebHandler.swift in Sources */ = {isa = PBXBuildFile; fileRef = 9A815A752173C6A00042E293 /* WebHandler.swift */; };
		9A815A872173C6A00042E293 /* WebRequestAdapter.swift in Sources */ = {isa = PBXBuildFile; fileRef = 9A815A762173C6A00042E293 /* WebRequestAdapter.swift */; };
		9A815A882173C6A00042E293 /* WebActivityIndicator.swift in Sources */ = {isa = PBXBuildFile; fileRef = 9A815A772173C6A00042E293 /* WebActivityIndicator.swift */; };
		9A815A892173C6A00042E293 /* WebService.swift in Sources */ = {isa = PBXBuildFile; fileRef = 9A815A782173C6A00042E293 /* WebService.swift */; };
		9A815A8A2173C6A00042E293 /* UIWebActivityIndicator.swift in Sources */ = {isa = PBXBuildFile; fileRef = 9A815A792173C6A00042E293 /* UIWebActivityIndicator.swift */; };
		9A815A8B2173C6A00042E293 /* WebMethod.swift in Sources */ = {isa = PBXBuildFile; fileRef = 9A815A7A2173C6A00042E293 /* WebMethod.swift */; };
		9A815A8C2173C6A00042E293 /* WebErrorBase.swift in Sources */ = {isa = PBXBuildFile; fileRef = 9A815A7B2173C6A00042E293 /* WebErrorBase.swift */; };
		9A815A8D2173C6A00042E293 /* WebMultiPartItem.swift in Sources */ = {isa = PBXBuildFile; fileRef = 9A815A7C2173C6A00042E293 /* WebMultiPartItem.swift */; };
		9A815C782173C82C0042E293 /* DefaultAPIWebService.swift in Sources */ = {isa = PBXBuildFile; fileRef = 9A815C762173C82C0042E293 /* DefaultAPIWebService.swift */; };
		9A815C792173C82C0042E293 /* APIWebService.swift in Sources */ = {isa = PBXBuildFile; fileRef = 9A815C772173C82C0042E293 /* APIWebService.swift */; };
		9A815C7D2173C86B0042E293 /* DefaultAuthorizationService.swift in Sources */ = {isa = PBXBuildFile; fileRef = 9A815C7B2173C86B0042E293 /* DefaultAuthorizationService.swift */; };
		9A815C7E2173C86B0042E293 /* AuthorizationService.swift in Sources */ = {isa = PBXBuildFile; fileRef = 9A815C7C2173C86B0042E293 /* AuthorizationService.swift */; };
		9A815CA82173C99B0042E293 /* LoggedPageViewController.swift in Sources */ = {isa = PBXBuildFile; fileRef = 9A815CA32173C99B0042E293 /* LoggedPageViewController.swift */; };
		9A815CA92173C99B0042E293 /* LoggedTableViewController.swift in Sources */ = {isa = PBXBuildFile; fileRef = 9A815CA42173C99B0042E293 /* LoggedTableViewController.swift */; };
		9A815CAA2173C99B0042E293 /* LoggedViewController.swift in Sources */ = {isa = PBXBuildFile; fileRef = 9A815CA52173C99B0042E293 /* LoggedViewController.swift */; };
		9A815CAB2173C99B0042E293 /* LoggedNavigationController.swift in Sources */ = {isa = PBXBuildFile; fileRef = 9A815CA62173C99B0042E293 /* LoggedNavigationController.swift */; };
		9A815CAC2173C99B0042E293 /* LoggedTabBarController.swift in Sources */ = {isa = PBXBuildFile; fileRef = 9A815CA72173C99B0042E293 /* LoggedTabBarController.swift */; };
		9A815CAE2173CAD50042E293 /* Log.swift in Sources */ = {isa = PBXBuildFile; fileRef = 9A815CAD2173CAD50042E293 /* Log.swift */; };
		9A815EB62173CBB10042E293 /* DefaultTokensCoder.swift in Sources */ = {isa = PBXBuildFile; fileRef = 9A815EB42173CBB10042E293 /* DefaultTokensCoder.swift */; };
		9A815EB72173CBB10042E293 /* TokensCoder.swift in Sources */ = {isa = PBXBuildFile; fileRef = 9A815EB52173CBB10042E293 /* TokensCoder.swift */; };
		9A815EBA2173CBB80042E293 /* AccountUserBufferCoder.swift in Sources */ = {isa = PBXBuildFile; fileRef = 9A815EB82173CBB80042E293 /* AccountUserBufferCoder.swift */; };
		9A815EBB2173CBB80042E293 /* DefaultAccountUserBufferCoder.swift in Sources */ = {isa = PBXBuildFile; fileRef = 9A815EB92173CBB80042E293 /* DefaultAccountUserBufferCoder.swift */; };
		9A815EBE2173CBDE0042E293 /* DefaultAuthorizationExtractor.swift in Sources */ = {isa = PBXBuildFile; fileRef = 9A815EBC2173CBDE0042E293 /* DefaultAuthorizationExtractor.swift */; };
		9A815EBF2173CBDE0042E293 /* AuthorizationExtractor.swift in Sources */ = {isa = PBXBuildFile; fileRef = 9A815EBD2173CBDE0042E293 /* AuthorizationExtractor.swift */; };
		9A815EC32173CC160042E293 /* Production.swift in Sources */ = {isa = PBXBuildFile; fileRef = 9A815EC22173CC160042E293 /* Production.swift */; };
		9A815EC52173CC1B0042E293 /* Services.swift in Sources */ = {isa = PBXBuildFile; fileRef = 9A815EC42173CC1B0042E293 /* Services.swift */; };
		9A815EC82173CC440042E293 /* Token.swift in Sources */ = {isa = PBXBuildFile; fileRef = 9A815EC72173CC440042E293 /* Token.swift */; };
		9A815ECC2173DE160042E293 /* Main.storyboard in Resources */ = {isa = PBXBuildFile; fileRef = 9A815ECB2173DE160042E293 /* Main.storyboard */; };
		9A815ECE2173DE810042E293 /* MainTabBarController.swift in Sources */ = {isa = PBXBuildFile; fileRef = 9A815ECD2173DE810042E293 /* MainTabBarController.swift */; };
		9A91755921C1A0A80033D056 /* CourseWork.swift in Sources */ = {isa = PBXBuildFile; fileRef = 9A91755821C1A0A80033D056 /* CourseWork.swift */; };
		9A91755C21C1AE210033D056 /* DateService.swift in Sources */ = {isa = PBXBuildFile; fileRef = 9A91755B21C1AE210033D056 /* DateService.swift */; };
		9A9C22EB21BEB12200F914E6 /* MoyaLoginService.swift in Sources */ = {isa = PBXBuildFile; fileRef = 9A9C22EA21BEB12200F914E6 /* MoyaLoginService.swift */; };
		9A9C22ED21BEB8B900F914E6 /* LoginModel.swift in Sources */ = {isa = PBXBuildFile; fileRef = 9A9C22EC21BEB8B900F914E6 /* LoginModel.swift */; };
		9A9C22EF21BEBD2500F914E6 /* Skill.swift in Sources */ = {isa = PBXBuildFile; fileRef = 9A9C22EE21BEBD2500F914E6 /* Skill.swift */; };
		9A9C22F121BEF12300F914E6 /* MoyaServices.swift in Sources */ = {isa = PBXBuildFile; fileRef = 9A9C22F021BEF12300F914E6 /* MoyaServices.swift */; };
		9A9C22F321BEF17300F914E6 /* MoyaThemesService.swift in Sources */ = {isa = PBXBuildFile; fileRef = 9A9C22F221BEF17300F914E6 /* MoyaThemesService.swift */; };
		9A9C22F721BEFBF000F914E6 /* MoyaWorksService.swift in Sources */ = {isa = PBXBuildFile; fileRef = 9A9C22F621BEFBF000F914E6 /* MoyaWorksService.swift */; };
		9A9C22F921BFB1AA00F914E6 /* StepModel.swift in Sources */ = {isa = PBXBuildFile; fileRef = 9A9C22F821BFB1AA00F914E6 /* StepModel.swift */; };
		9A9C22FB21BFB33500F914E6 /* ThemeModel.swift in Sources */ = {isa = PBXBuildFile; fileRef = 9A9C22FA21BFB33500F914E6 /* ThemeModel.swift */; };
		9A9C22FD21C05C8B00F914E6 /* MoyaSkillService.swift in Sources */ = {isa = PBXBuildFile; fileRef = 9A9C22FC21C05C8B00F914E6 /* MoyaSkillService.swift */; };
		9A9C230021C14BD700F914E6 /* EmptyStateView.swift in Sources */ = {isa = PBXBuildFile; fileRef = 9A9C22FF21C14BD700F914E6 /* EmptyStateView.swift */; };
		9A9C230321C14CEB00F914E6 /* Colors.swift in Sources */ = {isa = PBXBuildFile; fileRef = 9A9C230221C14CEB00F914E6 /* Colors.swift */; };
		9A9C230621C14D8C00F914E6 /* UIColorExtension.swift in Sources */ = {isa = PBXBuildFile; fileRef = 9A9C230521C14D8C00F914E6 /* UIColorExtension.swift */; };
		9A9C230821C14DB700F914E6 /* Fonts.swift in Sources */ = {isa = PBXBuildFile; fileRef = 9A9C230721C14DB700F914E6 /* Fonts.swift */; };
		9A9C230B21C14DF200F914E6 /* Button.swift in Sources */ = {isa = PBXBuildFile; fileRef = 9A9C230A21C14DF200F914E6 /* Button.swift */; };
		9AEED50421A1F28E00A9FC03 /* FinalThemeViewController.swift in Sources */ = {isa = PBXBuildFile; fileRef = 9AEED50321A1F28E00A9FC03 /* FinalThemeViewController.swift */; };
		9AEED50621A1FDC400A9FC03 /* EditThemeViewController.swift in Sources */ = {isa = PBXBuildFile; fileRef = 9AEED50521A1FDC400A9FC03 /* EditThemeViewController.swift */; };
		9AEED50D21A49EA000A9FC03 /* CourseWorkTableViewCell.swift in Sources */ = {isa = PBXBuildFile; fileRef = 9AEED50C21A49EA000A9FC03 /* CourseWorkTableViewCell.swift */; };
		9AEED50F21A4A5B900A9FC03 /* DetailCourseWorkViewController.swift in Sources */ = {isa = PBXBuildFile; fileRef = 9AEED50E21A4A5B900A9FC03 /* DetailCourseWorkViewController.swift */; };
		9AEED51121A4A6D300A9FC03 /* ProgressViewController.swift in Sources */ = {isa = PBXBuildFile; fileRef = 9AEED51021A4A6D300A9FC03 /* ProgressViewController.swift */; };
		9AEED51321A4A81800A9FC03 /* ProgressTableViewCell.swift in Sources */ = {isa = PBXBuildFile; fileRef = 9AEED51221A4A81800A9FC03 /* ProgressTableViewCell.swift */; };
		9AFC39EF218509E20021E57D /* Students.storyboard in Resources */ = {isa = PBXBuildFile; fileRef = 9AFC39EE218509E20021E57D /* Students.storyboard */; };
		9AFC39F1218509E80021E57D /* Themes.storyboard in Resources */ = {isa = PBXBuildFile; fileRef = 9AFC39F0218509E80021E57D /* Themes.storyboard */; };
		9AFC39F7218629AD0021E57D /* StudentsTableViewController.swift in Sources */ = {isa = PBXBuildFile; fileRef = 9AFC39F6218629AD0021E57D /* StudentsTableViewController.swift */; };
		9AFC39F92188E62D0021E57D /* StudentProfileViewController.swift in Sources */ = {isa = PBXBuildFile; fileRef = 9AFC39F82188E62D0021E57D /* StudentProfileViewController.swift */; };
		9AFC39FC2188E6770021E57D /* StudentTableViewCell.swift in Sources */ = {isa = PBXBuildFile; fileRef = 9AFC39FB2188E6770021E57D /* StudentTableViewCell.swift */; };
		9AFC39FE2188FD030021E57D /* SuggestionThemeForStudentViewController.swift in Sources */ = {isa = PBXBuildFile; fileRef = 9AFC39FD2188FD030021E57D /* SuggestionThemeForStudentViewController.swift */; };
		9AFC3A002188FEF40021E57D /* SubjectsTableViewController.swift in Sources */ = {isa = PBXBuildFile; fileRef = 9AFC39FF2188FEF40021E57D /* SubjectsTableViewController.swift */; };
		9AFC3A0321890A400021E57D /* CompetitonTableViewCell.swift in Sources */ = {isa = PBXBuildFile; fileRef = 9AFC3A0221890A400021E57D /* CompetitonTableViewCell.swift */; };
		9AFC3A0521890F600021E57D /* ThemesTableViewController.swift in Sources */ = {isa = PBXBuildFile; fileRef = 9AFC3A0421890F600021E57D /* ThemesTableViewController.swift */; };
		9AFC3A082189117D0021E57D /* ThemeTableViewCell.swift in Sources */ = {isa = PBXBuildFile; fileRef = 9AFC3A072189117D0021E57D /* ThemeTableViewCell.swift */; };
		9AFC3A0A21899B880021E57D /* EditCompetitionTableViewCell.swift in Sources */ = {isa = PBXBuildFile; fileRef = 9AFC3A0921899B880021E57D /* EditCompetitionTableViewCell.swift */; };
		9AFC3A0C21899BC20021E57D /* EditCompetitionTableViewController.swift in Sources */ = {isa = PBXBuildFile; fileRef = 9AFC3A0B21899BC20021E57D /* EditCompetitionTableViewController.swift */; };
/* End PBXBuildFile section */

/* Begin PBXContainerItemProxy section */
		9A553D7B21C3AB2B0054609D /* PBXContainerItemProxy */ = {
			isa = PBXContainerItemProxy;
			containerPortal = 9A7DC86721728DF900F8B884 /* Project object */;
			proxyType = 1;
			remoteGlobalIDString = 9A7DC86E21728DF900F8B884;
			remoteInfo = "Curator App";
		};
/* End PBXContainerItemProxy section */

/* Begin PBXFileReference section */
		3C9034EDC0FEDB8C92EBBB52 /* Pods_Curator_App.framework */ = {isa = PBXFileReference; explicitFileType = wrapper.framework; includeInIndex = 0; path = Pods_Curator_App.framework; sourceTree = BUILT_PRODUCTS_DIR; };
		5F153273B2FFE105DFF06EDC /* Pods-Curator App.release.xcconfig */ = {isa = PBXFileReference; includeInIndex = 1; lastKnownFileType = text.xcconfig; name = "Pods-Curator App.release.xcconfig"; path = "Pods/Target Support Files/Pods-Curator App/Pods-Curator App.release.xcconfig"; sourceTree = "<group>"; };
		9A0FBA0821BD588500748346 /* MoyaProfileService.swift */ = {isa = PBXFileReference; lastKnownFileType = sourcecode.swift; path = MoyaProfileService.swift; sourceTree = "<group>"; };
		9A133C2E21C82F85006DA32D /* MaterialsTableViewController.swift */ = {isa = PBXFileReference; lastKnownFileType = sourcecode.swift; path = MaterialsTableViewController.swift; sourceTree = "<group>"; };
		9A133C3021C8308B006DA32D /* MaterialModel.swift */ = {isa = PBXFileReference; lastKnownFileType = sourcecode.swift; path = MaterialModel.swift; sourceTree = "<group>"; };
		9A133C3221C8352D006DA32D /* AddMaterialViewController.swift */ = {isa = PBXFileReference; lastKnownFileType = sourcecode.swift; path = AddMaterialViewController.swift; sourceTree = "<group>"; };
		9A23E64C21ADE8390015B779 /* CreateCourseWorkStepViewController.swift */ = {isa = PBXFileReference; lastKnownFileType = sourcecode.swift; path = CreateCourseWorkStepViewController.swift; sourceTree = "<group>"; };
		9A23E64E21ADF1700015B779 /* DetailWorkStepViewController.swift */ = {isa = PBXFileReference; lastKnownFileType = sourcecode.swift; path = DetailWorkStepViewController.swift; sourceTree = "<group>"; };
		9A455D86219237B6009F160A /* ThemeSuggestionViewController.swift */ = {isa = PBXFileReference; lastKnownFileType = sourcecode.swift; path = ThemeSuggestionViewController.swift; sourceTree = "<group>"; };
		9A455D8821923B67009F160A /* SuggestionThemeCommentTableViewCell.swift */ = {isa = PBXFileReference; lastKnownFileType = sourcecode.swift; path = SuggestionThemeCommentTableViewCell.swift; sourceTree = "<group>"; };
		9A553D7621C3AB2B0054609D /* Curator AppUITests.xctest */ = {isa = PBXFileReference; explicitFileType = wrapper.cfbundle; includeInIndex = 0; path = "Curator AppUITests.xctest"; sourceTree = BUILT_PRODUCTS_DIR; };
		9A553D7821C3AB2B0054609D /* Curator_AppUITests.swift */ = {isa = PBXFileReference; lastKnownFileType = sourcecode.swift; path = Curator_AppUITests.swift; sourceTree = "<group>"; };
		9A553D7A21C3AB2B0054609D /* Info.plist */ = {isa = PBXFileReference; lastKnownFileType = text.plist.xml; path = Info.plist; sourceTree = "<group>"; };
		9A553D8221C3AC5C0054609D /* AppManager.swift */ = {isa = PBXFileReference; lastKnownFileType = sourcecode.swift; path = AppManager.swift; sourceTree = "<group>"; };
		9A553D8521C3AD260054609D /* HelperBase.swift */ = {isa = PBXFileReference; lastKnownFileType = sourcecode.swift; path = HelperBase.swift; sourceTree = "<group>"; };
		9A553D8721C3AD360054609D /* LoginHelper.swift */ = {isa = PBXFileReference; lastKnownFileType = sourcecode.swift; path = LoginHelper.swift; sourceTree = "<group>"; };
		9A553D8921C3AE370054609D /* TestBase.swift */ = {isa = PBXFileReference; lastKnownFileType = sourcecode.swift; path = TestBase.swift; sourceTree = "<group>"; };
		9A553D8E21C3AEE60054609D /* UserData.swift */ = {isa = PBXFileReference; lastKnownFileType = sourcecode.swift; path = UserData.swift; sourceTree = "<group>"; };
		9A553D9121C3FB550054609D /* MoyaSubjectService.swift */ = {isa = PBXFileReference; lastKnownFileType = sourcecode.swift; path = MoyaSubjectService.swift; sourceTree = "<group>"; };
		9A553D9321C43A750054609D /* MoyaStudentService.swift */ = {isa = PBXFileReference; lastKnownFileType = sourcecode.swift; path = MoyaStudentService.swift; sourceTree = "<group>"; };
		9A553D9521C55B100054609D /* SuggestionModel.swift */ = {isa = PBXFileReference; lastKnownFileType = sourcecode.swift; path = SuggestionModel.swift; sourceTree = "<group>"; };
		9A553D9921C5C60A0054609D /* StepCommentTableViewCell.swift */ = {isa = PBXFileReference; lastKnownFileType = sourcecode.swift; path = StepCommentTableViewCell.swift; sourceTree = "<group>"; };
		9A553D9B21C5C9180054609D /* CommentModel.swift */ = {isa = PBXFileReference; lastKnownFileType = sourcecode.swift; path = CommentModel.swift; sourceTree = "<group>"; };
		9A63FE9D2175D86100D74116 /* ProfileViewController.swift */ = {isa = PBXFileReference; lastKnownFileType = sourcecode.swift; path = ProfileViewController.swift; sourceTree = "<group>"; };
		9A63FEA921767D5500D74116 /* Profile.storyboard */ = {isa = PBXFileReference; lastKnownFileType = file.storyboard; path = Profile.storyboard; sourceTree = "<group>"; };
		9A63FEAC2177285F00D74116 /* AboutMyselfViewController.swift */ = {isa = PBXFileReference; lastKnownFileType = sourcecode.swift; path = AboutMyselfViewController.swift; sourceTree = "<group>"; };
		9A63FEAE21772D1700D74116 /* CompetitionsViewController.swift */ = {isa = PBXFileReference; lastKnownFileType = sourcecode.swift; path = CompetitionsViewController.swift; sourceTree = "<group>"; };
		9A63FEB021772DC000D74116 /* CourseWorksTableViewController.swift */ = {isa = PBXFileReference; lastKnownFileType = sourcecode.swift; path = CourseWorksTableViewController.swift; sourceTree = "<group>"; };
		9A6E99FF217FB6D9003D2565 /* CompetentionsTableViewController.swift */ = {isa = PBXFileReference; lastKnownFileType = sourcecode.swift; path = CompetentionsTableViewController.swift; sourceTree = "<group>"; };
		9A6E9A05217FBADA003D2565 /* CourseWork.storyboard */ = {isa = PBXFileReference; lastKnownFileType = file.storyboard; path = CourseWork.storyboard; sourceTree = "<group>"; };
		9A6E9A07217FBF2A003D2565 /* CourseWorkTableViewController.swift */ = {isa = PBXFileReference; lastKnownFileType = sourcecode.swift; path = CourseWorkTableViewController.swift; sourceTree = "<group>"; };
		9A6E9A0A217FC400003D2565 /* ProfileService.swift */ = {isa = PBXFileReference; lastKnownFileType = sourcecode.swift; path = ProfileService.swift; sourceTree = "<group>"; };
		9A6E9A0C217FC41A003D2565 /* DefaultProfileService.swift */ = {isa = PBXFileReference; lastKnownFileType = sourcecode.swift; path = DefaultProfileService.swift; sourceTree = "<group>"; };
		9A6E9A0E217FC57D003D2565 /* Profile.swift */ = {isa = PBXFileReference; lastKnownFileType = sourcecode.swift; path = Profile.swift; sourceTree = "<group>"; };
		9A6E9A10217FC79C003D2565 /* ProfileExtractor.swift */ = {isa = PBXFileReference; lastKnownFileType = sourcecode.swift; path = ProfileExtractor.swift; sourceTree = "<group>"; };
		9A6E9A12217FC7E2003D2565 /* DefaultProfileExtractor.swift */ = {isa = PBXFileReference; lastKnownFileType = sourcecode.swift; path = DefaultProfileExtractor.swift; sourceTree = "<group>"; };
		9A7DC86F21728DF900F8B884 /* Curator App.app */ = {isa = PBXFileReference; explicitFileType = wrapper.application; includeInIndex = 0; path = "Curator App.app"; sourceTree = BUILT_PRODUCTS_DIR; };
		9A7DC87221728DF900F8B884 /* AppDelegate.swift */ = {isa = PBXFileReference; lastKnownFileType = sourcecode.swift; path = AppDelegate.swift; sourceTree = "<group>"; };
		9A7DC87721728DF900F8B884 /* Base */ = {isa = PBXFileReference; lastKnownFileType = file.storyboard; name = Base; path = Base.lproj/Login.storyboard; sourceTree = "<group>"; };
		9A7DC87921728DFB00F8B884 /* Assets.xcassets */ = {isa = PBXFileReference; lastKnownFileType = folder.assetcatalog; path = Assets.xcassets; sourceTree = "<group>"; };
		9A7DC87C21728DFB00F8B884 /* Base */ = {isa = PBXFileReference; lastKnownFileType = file.storyboard; name = Base; path = Base.lproj/LaunchScreen.storyboard; sourceTree = "<group>"; };
		9A7DC87E21728DFB00F8B884 /* Info.plist */ = {isa = PBXFileReference; lastKnownFileType = text.plist.xml; path = Info.plist; sourceTree = "<group>"; };
		9A815A66217369550042E293 /* LoginViewController.swift */ = {isa = PBXFileReference; lastKnownFileType = sourcecode.swift; path = LoginViewController.swift; sourceTree = "<group>"; };
		9A815A6B2173C6A00042E293 /* WebStatusCode.swift */ = {isa = PBXFileReference; fileEncoding = 4; lastKnownFileType = sourcecode.swift; path = WebStatusCode.swift; sourceTree = "<group>"; };
		9A815A6C2173C6A00042E293 /* WebMultiPartDataItem.swift */ = {isa = PBXFileReference; fileEncoding = 4; lastKnownFileType = sourcecode.swift; path = WebMultiPartDataItem.swift; sourceTree = "<group>"; };
		9A815A6E2173C6A00042E293 /* AlamofireWebHandler.swift */ = {isa = PBXFileReference; fileEncoding = 4; lastKnownFileType = sourcecode.swift; path = AlamofireWebHandler.swift; sourceTree = "<group>"; };
		9A815A6F2173C6A00042E293 /* AlamofireWebRequestAdapter.swift */ = {isa = PBXFileReference; fileEncoding = 4; lastKnownFileType = sourcecode.swift; path = AlamofireWebRequestAdapter.swift; sourceTree = "<group>"; };
		9A815A702173C6A00042E293 /* AlamofireWebService.swift */ = {isa = PBXFileReference; fileEncoding = 4; lastKnownFileType = sourcecode.swift; path = AlamofireWebService.swift; sourceTree = "<group>"; };
		9A815A712173C6A00042E293 /* AlamofireWebError.swift */ = {isa = PBXFileReference; fileEncoding = 4; lastKnownFileType = sourcecode.swift; path = AlamofireWebError.swift; sourceTree = "<group>"; };
		9A815A722173C6A00042E293 /* WebRequest.swift */ = {isa = PBXFileReference; fileEncoding = 4; lastKnownFileType = sourcecode.swift; path = WebRequest.swift; sourceTree = "<group>"; };
		9A815A732173C6A00042E293 /* WebMultiPart.swift */ = {isa = PBXFileReference; fileEncoding = 4; lastKnownFileType = sourcecode.swift; path = WebMultiPart.swift; sourceTree = "<group>"; };
		9A815A742173C6A00042E293 /* WebError.swift */ = {isa = PBXFileReference; fileEncoding = 4; lastKnownFileType = sourcecode.swift; path = WebError.swift; sourceTree = "<group>"; };
		9A815A752173C6A00042E293 /* WebHandler.swift */ = {isa = PBXFileReference; fileEncoding = 4; lastKnownFileType = sourcecode.swift; path = WebHandler.swift; sourceTree = "<group>"; };
		9A815A762173C6A00042E293 /* WebRequestAdapter.swift */ = {isa = PBXFileReference; fileEncoding = 4; lastKnownFileType = sourcecode.swift; path = WebRequestAdapter.swift; sourceTree = "<group>"; };
		9A815A772173C6A00042E293 /* WebActivityIndicator.swift */ = {isa = PBXFileReference; fileEncoding = 4; lastKnownFileType = sourcecode.swift; path = WebActivityIndicator.swift; sourceTree = "<group>"; };
		9A815A782173C6A00042E293 /* WebService.swift */ = {isa = PBXFileReference; fileEncoding = 4; lastKnownFileType = sourcecode.swift; path = WebService.swift; sourceTree = "<group>"; };
		9A815A792173C6A00042E293 /* UIWebActivityIndicator.swift */ = {isa = PBXFileReference; fileEncoding = 4; lastKnownFileType = sourcecode.swift; path = UIWebActivityIndicator.swift; sourceTree = "<group>"; };
		9A815A7A2173C6A00042E293 /* WebMethod.swift */ = {isa = PBXFileReference; fileEncoding = 4; lastKnownFileType = sourcecode.swift; path = WebMethod.swift; sourceTree = "<group>"; };
		9A815A7B2173C6A00042E293 /* WebErrorBase.swift */ = {isa = PBXFileReference; fileEncoding = 4; lastKnownFileType = sourcecode.swift; path = WebErrorBase.swift; sourceTree = "<group>"; };
		9A815A7C2173C6A00042E293 /* WebMultiPartItem.swift */ = {isa = PBXFileReference; fileEncoding = 4; lastKnownFileType = sourcecode.swift; path = WebMultiPartItem.swift; sourceTree = "<group>"; };
		9A815C762173C82C0042E293 /* DefaultAPIWebService.swift */ = {isa = PBXFileReference; fileEncoding = 4; lastKnownFileType = sourcecode.swift; path = DefaultAPIWebService.swift; sourceTree = "<group>"; };
		9A815C772173C82C0042E293 /* APIWebService.swift */ = {isa = PBXFileReference; fileEncoding = 4; lastKnownFileType = sourcecode.swift; path = APIWebService.swift; sourceTree = "<group>"; };
		9A815C7B2173C86B0042E293 /* DefaultAuthorizationService.swift */ = {isa = PBXFileReference; fileEncoding = 4; lastKnownFileType = sourcecode.swift; path = DefaultAuthorizationService.swift; sourceTree = "<group>"; };
		9A815C7C2173C86B0042E293 /* AuthorizationService.swift */ = {isa = PBXFileReference; fileEncoding = 4; lastKnownFileType = sourcecode.swift; path = AuthorizationService.swift; sourceTree = "<group>"; };
		9A815CA32173C99B0042E293 /* LoggedPageViewController.swift */ = {isa = PBXFileReference; fileEncoding = 4; lastKnownFileType = sourcecode.swift; path = LoggedPageViewController.swift; sourceTree = "<group>"; };
		9A815CA42173C99B0042E293 /* LoggedTableViewController.swift */ = {isa = PBXFileReference; fileEncoding = 4; lastKnownFileType = sourcecode.swift; path = LoggedTableViewController.swift; sourceTree = "<group>"; };
		9A815CA52173C99B0042E293 /* LoggedViewController.swift */ = {isa = PBXFileReference; fileEncoding = 4; lastKnownFileType = sourcecode.swift; path = LoggedViewController.swift; sourceTree = "<group>"; };
		9A815CA62173C99B0042E293 /* LoggedNavigationController.swift */ = {isa = PBXFileReference; fileEncoding = 4; lastKnownFileType = sourcecode.swift; path = LoggedNavigationController.swift; sourceTree = "<group>"; };
		9A815CA72173C99B0042E293 /* LoggedTabBarController.swift */ = {isa = PBXFileReference; fileEncoding = 4; lastKnownFileType = sourcecode.swift; path = LoggedTabBarController.swift; sourceTree = "<group>"; };
		9A815CAD2173CAD50042E293 /* Log.swift */ = {isa = PBXFileReference; fileEncoding = 4; lastKnownFileType = sourcecode.swift; path = Log.swift; sourceTree = "<group>"; };
		9A815EB42173CBB10042E293 /* DefaultTokensCoder.swift */ = {isa = PBXFileReference; fileEncoding = 4; lastKnownFileType = sourcecode.swift; path = DefaultTokensCoder.swift; sourceTree = "<group>"; };
		9A815EB52173CBB10042E293 /* TokensCoder.swift */ = {isa = PBXFileReference; fileEncoding = 4; lastKnownFileType = sourcecode.swift; path = TokensCoder.swift; sourceTree = "<group>"; };
		9A815EB82173CBB80042E293 /* AccountUserBufferCoder.swift */ = {isa = PBXFileReference; fileEncoding = 4; lastKnownFileType = sourcecode.swift; path = AccountUserBufferCoder.swift; sourceTree = "<group>"; };
		9A815EB92173CBB80042E293 /* DefaultAccountUserBufferCoder.swift */ = {isa = PBXFileReference; fileEncoding = 4; lastKnownFileType = sourcecode.swift; path = DefaultAccountUserBufferCoder.swift; sourceTree = "<group>"; };
		9A815EBC2173CBDE0042E293 /* DefaultAuthorizationExtractor.swift */ = {isa = PBXFileReference; fileEncoding = 4; lastKnownFileType = sourcecode.swift; path = DefaultAuthorizationExtractor.swift; sourceTree = "<group>"; };
		9A815EBD2173CBDE0042E293 /* AuthorizationExtractor.swift */ = {isa = PBXFileReference; fileEncoding = 4; lastKnownFileType = sourcecode.swift; path = AuthorizationExtractor.swift; sourceTree = "<group>"; };
		9A815EC22173CC160042E293 /* Production.swift */ = {isa = PBXFileReference; fileEncoding = 4; lastKnownFileType = sourcecode.swift; path = Production.swift; sourceTree = "<group>"; };
		9A815EC42173CC1B0042E293 /* Services.swift */ = {isa = PBXFileReference; fileEncoding = 4; lastKnownFileType = sourcecode.swift; path = Services.swift; sourceTree = "<group>"; };
		9A815EC72173CC440042E293 /* Token.swift */ = {isa = PBXFileReference; lastKnownFileType = sourcecode.swift; path = Token.swift; sourceTree = "<group>"; };
		9A815ECB2173DE160042E293 /* Main.storyboard */ = {isa = PBXFileReference; lastKnownFileType = file.storyboard; path = Main.storyboard; sourceTree = "<group>"; };
		9A815ECD2173DE810042E293 /* MainTabBarController.swift */ = {isa = PBXFileReference; lastKnownFileType = sourcecode.swift; path = MainTabBarController.swift; sourceTree = "<group>"; };
		9A91755821C1A0A80033D056 /* CourseWork.swift */ = {isa = PBXFileReference; lastKnownFileType = sourcecode.swift; path = CourseWork.swift; sourceTree = "<group>"; };
		9A91755B21C1AE210033D056 /* DateService.swift */ = {isa = PBXFileReference; lastKnownFileType = sourcecode.swift; path = DateService.swift; sourceTree = "<group>"; };
		9A9C22EA21BEB12200F914E6 /* MoyaLoginService.swift */ = {isa = PBXFileReference; lastKnownFileType = sourcecode.swift; path = MoyaLoginService.swift; sourceTree = "<group>"; };
		9A9C22EC21BEB8B900F914E6 /* LoginModel.swift */ = {isa = PBXFileReference; lastKnownFileType = sourcecode.swift; path = LoginModel.swift; sourceTree = "<group>"; };
		9A9C22EE21BEBD2500F914E6 /* Skill.swift */ = {isa = PBXFileReference; lastKnownFileType = sourcecode.swift; path = Skill.swift; sourceTree = "<group>"; };
		9A9C22F021BEF12300F914E6 /* MoyaServices.swift */ = {isa = PBXFileReference; lastKnownFileType = sourcecode.swift; path = MoyaServices.swift; sourceTree = "<group>"; };
		9A9C22F221BEF17300F914E6 /* MoyaThemesService.swift */ = {isa = PBXFileReference; lastKnownFileType = sourcecode.swift; path = MoyaThemesService.swift; sourceTree = "<group>"; };
		9A9C22F621BEFBF000F914E6 /* MoyaWorksService.swift */ = {isa = PBXFileReference; lastKnownFileType = sourcecode.swift; path = MoyaWorksService.swift; sourceTree = "<group>"; };
		9A9C22F821BFB1AA00F914E6 /* StepModel.swift */ = {isa = PBXFileReference; lastKnownFileType = sourcecode.swift; path = StepModel.swift; sourceTree = "<group>"; };
		9A9C22FA21BFB33500F914E6 /* ThemeModel.swift */ = {isa = PBXFileReference; lastKnownFileType = sourcecode.swift; path = ThemeModel.swift; sourceTree = "<group>"; };
		9A9C22FC21C05C8B00F914E6 /* MoyaSkillService.swift */ = {isa = PBXFileReference; lastKnownFileType = sourcecode.swift; path = MoyaSkillService.swift; sourceTree = "<group>"; };
		9A9C22FF21C14BD700F914E6 /* EmptyStateView.swift */ = {isa = PBXFileReference; fileEncoding = 4; lastKnownFileType = sourcecode.swift; path = EmptyStateView.swift; sourceTree = "<group>"; };
		9A9C230221C14CEB00F914E6 /* Colors.swift */ = {isa = PBXFileReference; fileEncoding = 4; lastKnownFileType = sourcecode.swift; path = Colors.swift; sourceTree = "<group>"; };
		9A9C230521C14D8C00F914E6 /* UIColorExtension.swift */ = {isa = PBXFileReference; fileEncoding = 4; lastKnownFileType = sourcecode.swift; path = UIColorExtension.swift; sourceTree = "<group>"; };
		9A9C230721C14DB700F914E6 /* Fonts.swift */ = {isa = PBXFileReference; fileEncoding = 4; lastKnownFileType = sourcecode.swift; path = Fonts.swift; sourceTree = "<group>"; };
		9A9C230A21C14DF200F914E6 /* Button.swift */ = {isa = PBXFileReference; fileEncoding = 4; lastKnownFileType = sourcecode.swift; path = Button.swift; sourceTree = "<group>"; };
		9AEED50321A1F28E00A9FC03 /* FinalThemeViewController.swift */ = {isa = PBXFileReference; lastKnownFileType = sourcecode.swift; path = FinalThemeViewController.swift; sourceTree = "<group>"; };
		9AEED50521A1FDC400A9FC03 /* EditThemeViewController.swift */ = {isa = PBXFileReference; lastKnownFileType = sourcecode.swift; path = EditThemeViewController.swift; sourceTree = "<group>"; };
		9AEED50C21A49EA000A9FC03 /* CourseWorkTableViewCell.swift */ = {isa = PBXFileReference; lastKnownFileType = sourcecode.swift; path = CourseWorkTableViewCell.swift; sourceTree = "<group>"; };
		9AEED50E21A4A5B900A9FC03 /* DetailCourseWorkViewController.swift */ = {isa = PBXFileReference; lastKnownFileType = sourcecode.swift; path = DetailCourseWorkViewController.swift; sourceTree = "<group>"; };
		9AEED51021A4A6D300A9FC03 /* ProgressViewController.swift */ = {isa = PBXFileReference; lastKnownFileType = sourcecode.swift; path = ProgressViewController.swift; sourceTree = "<group>"; };
		9AEED51221A4A81800A9FC03 /* ProgressTableViewCell.swift */ = {isa = PBXFileReference; lastKnownFileType = sourcecode.swift; path = ProgressTableViewCell.swift; sourceTree = "<group>"; };
		9AFC39EE218509E20021E57D /* Students.storyboard */ = {isa = PBXFileReference; lastKnownFileType = file.storyboard; path = Students.storyboard; sourceTree = "<group>"; };
		9AFC39F0218509E80021E57D /* Themes.storyboard */ = {isa = PBXFileReference; lastKnownFileType = file.storyboard; path = Themes.storyboard; sourceTree = "<group>"; };
		9AFC39F6218629AD0021E57D /* StudentsTableViewController.swift */ = {isa = PBXFileReference; lastKnownFileType = sourcecode.swift; path = StudentsTableViewController.swift; sourceTree = "<group>"; };
		9AFC39F82188E62D0021E57D /* StudentProfileViewController.swift */ = {isa = PBXFileReference; lastKnownFileType = sourcecode.swift; path = StudentProfileViewController.swift; sourceTree = "<group>"; };
		9AFC39FB2188E6770021E57D /* StudentTableViewCell.swift */ = {isa = PBXFileReference; lastKnownFileType = sourcecode.swift; path = StudentTableViewCell.swift; sourceTree = "<group>"; };
		9AFC39FD2188FD030021E57D /* SuggestionThemeForStudentViewController.swift */ = {isa = PBXFileReference; lastKnownFileType = sourcecode.swift; path = SuggestionThemeForStudentViewController.swift; sourceTree = "<group>"; };
		9AFC39FF2188FEF40021E57D /* SubjectsTableViewController.swift */ = {isa = PBXFileReference; lastKnownFileType = sourcecode.swift; path = SubjectsTableViewController.swift; sourceTree = "<group>"; };
		9AFC3A0221890A400021E57D /* CompetitonTableViewCell.swift */ = {isa = PBXFileReference; lastKnownFileType = sourcecode.swift; path = CompetitonTableViewCell.swift; sourceTree = "<group>"; };
		9AFC3A0421890F600021E57D /* ThemesTableViewController.swift */ = {isa = PBXFileReference; lastKnownFileType = sourcecode.swift; path = ThemesTableViewController.swift; sourceTree = "<group>"; };
		9AFC3A072189117D0021E57D /* ThemeTableViewCell.swift */ = {isa = PBXFileReference; lastKnownFileType = sourcecode.swift; path = ThemeTableViewCell.swift; sourceTree = "<group>"; };
		9AFC3A0921899B880021E57D /* EditCompetitionTableViewCell.swift */ = {isa = PBXFileReference; lastKnownFileType = sourcecode.swift; path = EditCompetitionTableViewCell.swift; sourceTree = "<group>"; };
		9AFC3A0B21899BC20021E57D /* EditCompetitionTableViewController.swift */ = {isa = PBXFileReference; lastKnownFileType = sourcecode.swift; path = EditCompetitionTableViewController.swift; sourceTree = "<group>"; };
		E30F42F27E4587220918FC53 /* Pods-Curator App.debug.xcconfig */ = {isa = PBXFileReference; includeInIndex = 1; lastKnownFileType = text.xcconfig; name = "Pods-Curator App.debug.xcconfig"; path = "Pods/Target Support Files/Pods-Curator App/Pods-Curator App.debug.xcconfig"; sourceTree = "<group>"; };
/* End PBXFileReference section */

/* Begin PBXFrameworksBuildPhase section */
		9A553D7321C3AB2B0054609D /* Frameworks */ = {
			isa = PBXFrameworksBuildPhase;
			buildActionMask = 2147483647;
			files = (
			);
			runOnlyForDeploymentPostprocessing = 0;
		};
		9A7DC86C21728DF900F8B884 /* Frameworks */ = {
			isa = PBXFrameworksBuildPhase;
			buildActionMask = 2147483647;
			files = (
				86524F15A3EFDE36A6D583CC /* Pods_Curator_App.framework in Frameworks */,
			);
			runOnlyForDeploymentPostprocessing = 0;
		};
/* End PBXFrameworksBuildPhase section */

/* Begin PBXGroup section */
		1DDBE2D662C76673FC62534D /* Pods */ = {
			isa = PBXGroup;
			children = (
				E30F42F27E4587220918FC53 /* Pods-Curator App.debug.xcconfig */,
				5F153273B2FFE105DFF06EDC /* Pods-Curator App.release.xcconfig */,
			);
			name = Pods;
			sourceTree = "<group>";
		};
		5D6A9A5A97B9CB21CDABB1A8 /* Frameworks */ = {
			isa = PBXGroup;
			children = (
				3C9034EDC0FEDB8C92EBBB52 /* Pods_Curator_App.framework */,
			);
			name = Frameworks;
			sourceTree = "<group>";
		};
		9A20253821ABEA6C00BC8F87 /* MOYA */ = {
			isa = PBXGroup;
			children = (
				9A0FBA0821BD588500748346 /* MoyaProfileService.swift */,
				9A9C22EA21BEB12200F914E6 /* MoyaLoginService.swift */,
				9A9C22F221BEF17300F914E6 /* MoyaThemesService.swift */,
				9A9C22F621BEFBF000F914E6 /* MoyaWorksService.swift */,
				9A9C22FC21C05C8B00F914E6 /* MoyaSkillService.swift */,
				9A553D9121C3FB550054609D /* MoyaSubjectService.swift */,
				9A553D9321C43A750054609D /* MoyaStudentService.swift */,
				9A9C22F021BEF12300F914E6 /* MoyaServices.swift */,
			);
			path = MOYA;
			sourceTree = "<group>";
		};
		9A553D7721C3AB2B0054609D /* Curator AppUITests */ = {
			isa = PBXGroup;
			children = (
				9A553D9021C3AEFE0054609D /* Tests */,
				9A553D8B21C3AEB90054609D /* Models */,
				9A553D8421C3AD0D0054609D /* Helpers */,
				9A553D8121C3AC520054609D /* Manager */,
				9A553D8021C3AC350054609D /* Base */,
				9A553D7821C3AB2B0054609D /* Curator_AppUITests.swift */,
				9A553D7A21C3AB2B0054609D /* Info.plist */,
			);
			path = "Curator AppUITests";
			sourceTree = "<group>";
		};
		9A553D8021C3AC350054609D /* Base */ = {
			isa = PBXGroup;
			children = (
				9A553D8921C3AE370054609D /* TestBase.swift */,
			);
			path = Base;
			sourceTree = "<group>";
		};
		9A553D8121C3AC520054609D /* Manager */ = {
			isa = PBXGroup;
			children = (
				9A553D8221C3AC5C0054609D /* AppManager.swift */,
			);
			path = Manager;
			sourceTree = "<group>";
		};
		9A553D8421C3AD0D0054609D /* Helpers */ = {
			isa = PBXGroup;
			children = (
				9A553D8521C3AD260054609D /* HelperBase.swift */,
				9A553D8721C3AD360054609D /* LoginHelper.swift */,
			);
			path = Helpers;
			sourceTree = "<group>";
		};
		9A553D8B21C3AEB90054609D /* Models */ = {
			isa = PBXGroup;
			children = (
				9A553D8E21C3AEE60054609D /* UserData.swift */,
			);
			path = Models;
			sourceTree = "<group>";
		};
		9A553D9021C3AEFE0054609D /* Tests */ = {
			isa = PBXGroup;
			children = (
			);
			path = Tests;
			sourceTree = "<group>";
		};
		9A63FE9C2175D85200D74116 /* Profile */ = {
			isa = PBXGroup;
			children = (
				9AFC3A0121890A300021E57D /* Cell */,
				9A63FEAB2176801500D74116 /* Storyboards */,
				9A63FE9D2175D86100D74116 /* ProfileViewController.swift */,
				9A63FEAC2177285F00D74116 /* AboutMyselfViewController.swift */,
				9A63FEAE21772D1700D74116 /* CompetitionsViewController.swift */,
				9A63FEB021772DC000D74116 /* CourseWorksTableViewController.swift */,
				9A6E99FF217FB6D9003D2565 /* CompetentionsTableViewController.swift */,
				9AFC3A0B21899BC20021E57D /* EditCompetitionTableViewController.swift */,
			);
			path = Profile;
			sourceTree = "<group>";
		};
		9A63FEAB2176801500D74116 /* Storyboards */ = {
			isa = PBXGroup;
			children = (
				9A63FEA921767D5500D74116 /* Profile.storyboard */,
			);
			path = Storyboards;
			sourceTree = "<group>";
		};
		9A6E9A03217FBABF003D2565 /* CourseWork */ = {
			isa = PBXGroup;
			children = (
				9AEED50B21A49E8700A9FC03 /* Cell */,
				9A6E9A04217FBACD003D2565 /* Storyboards */,
				9A6E9A07217FBF2A003D2565 /* CourseWorkTableViewController.swift */,
				9AEED50E21A4A5B900A9FC03 /* DetailCourseWorkViewController.swift */,
				9AEED51021A4A6D300A9FC03 /* ProgressViewController.swift */,
				9A23E64C21ADE8390015B779 /* CreateCourseWorkStepViewController.swift */,
				9A23E64E21ADF1700015B779 /* DetailWorkStepViewController.swift */,
				9A133C2E21C82F85006DA32D /* MaterialsTableViewController.swift */,
				9A133C3221C8352D006DA32D /* AddMaterialViewController.swift */,
			);
			path = CourseWork;
			sourceTree = "<group>";
		};
		9A6E9A04217FBACD003D2565 /* Storyboards */ = {
			isa = PBXGroup;
			children = (
				9A6E9A05217FBADA003D2565 /* CourseWork.storyboard */,
			);
			path = Storyboards;
			sourceTree = "<group>";
		};
		9A6E9A09217FC3EC003D2565 /* ProfileService */ = {
			isa = PBXGroup;
			children = (
				9A6E9A0A217FC400003D2565 /* ProfileService.swift */,
				9A6E9A0C217FC41A003D2565 /* DefaultProfileService.swift */,
				9A6E9A10217FC79C003D2565 /* ProfileExtractor.swift */,
				9A6E9A12217FC7E2003D2565 /* DefaultProfileExtractor.swift */,
			);
			path = ProfileService;
			sourceTree = "<group>";
		};
		9A7DC86621728DF900F8B884 = {
			isa = PBXGroup;
			children = (
				9A7DC87121728DF900F8B884 /* Curator App */,
				9A553D7721C3AB2B0054609D /* Curator AppUITests */,
				9A7DC87021728DF900F8B884 /* Products */,
				1DDBE2D662C76673FC62534D /* Pods */,
				5D6A9A5A97B9CB21CDABB1A8 /* Frameworks */,
			);
			sourceTree = "<group>";
		};
		9A7DC87021728DF900F8B884 /* Products */ = {
			isa = PBXGroup;
			children = (
				9A7DC86F21728DF900F8B884 /* Curator App.app */,
				9A553D7621C3AB2B0054609D /* Curator AppUITests.xctest */,
			);
			name = Products;
			sourceTree = "<group>";
		};
		9A7DC87121728DF900F8B884 /* Curator App */ = {
			isa = PBXGroup;
			children = (
				9A9C22FE21C14BC800F914E6 /* View */,
				9A815EC62173CC330042E293 /* Models */,
				9A815EC02173CC000042E293 /* Configuration */,
				9A815CAF2173CB390042E293 /* Coders */,
				9A815A8E2173C6AD0042E293 /* Services */,
				9A815A692173C6970042E293 /* Tools */,
				9A815A64217369350042E293 /* ViewControllers */,
				9A7DC87221728DF900F8B884 /* AppDelegate.swift */,
				9A7DC87921728DFB00F8B884 /* Assets.xcassets */,
				9A7DC87B21728DFB00F8B884 /* LaunchScreen.storyboard */,
				9A7DC87E21728DFB00F8B884 /* Info.plist */,
			);
			path = "Curator App";
			sourceTree = "<group>";
		};
		9A815A64217369350042E293 /* ViewControllers */ = {
			isa = PBXGroup;
			children = (
				9AFC39EB218509CA0021E57D /* Themes */,
				9AFC39EA218509C50021E57D /* Students */,
				9A6E9A03217FBABF003D2565 /* CourseWork */,
				9A63FE9C2175D85200D74116 /* Profile */,
				9A815EC92173DDFF0042E293 /* TabBar */,
				9A815A65217369430042E293 /* Login */,
			);
			path = ViewControllers;
			sourceTree = "<group>";
		};
		9A815A65217369430042E293 /* Login */ = {
			isa = PBXGroup;
			children = (
				9A815A682173695F0042E293 /* Storyboards */,
				9A815A66217369550042E293 /* LoginViewController.swift */,
			);
			path = Login;
			sourceTree = "<group>";
		};
		9A815A682173695F0042E293 /* Storyboards */ = {
			isa = PBXGroup;
			children = (
				9A7DC87621728DF900F8B884 /* Login.storyboard */,
			);
			path = Storyboards;
			sourceTree = "<group>";
		};
		9A815A692173C6970042E293 /* Tools */ = {
			isa = PBXGroup;
			children = (
				9A91755A21C1AE090033D056 /* Date */,
				9A9C230921C14DEC00F914E6 /* Views */,
				9A9C230421C14D8300F914E6 /* Extensions */,
				9A815CAD2173CAD50042E293 /* Log.swift */,
				9A815CA22173C99B0042E293 /* ViewControllers */,
				9A815A6A2173C6A00042E293 /* WebService */,
			);
			path = Tools;
			sourceTree = "<group>";
		};
		9A815A6A2173C6A00042E293 /* WebService */ = {
			isa = PBXGroup;
			children = (
				9A815A6D2173C6A00042E293 /* Alamofire */,
				9A815A6B2173C6A00042E293 /* WebStatusCode.swift */,
				9A815A6C2173C6A00042E293 /* WebMultiPartDataItem.swift */,
				9A815A722173C6A00042E293 /* WebRequest.swift */,
				9A815A732173C6A00042E293 /* WebMultiPart.swift */,
				9A815A742173C6A00042E293 /* WebError.swift */,
				9A815A752173C6A00042E293 /* WebHandler.swift */,
				9A815A762173C6A00042E293 /* WebRequestAdapter.swift */,
				9A815A772173C6A00042E293 /* WebActivityIndicator.swift */,
				9A815A782173C6A00042E293 /* WebService.swift */,
				9A815A792173C6A00042E293 /* UIWebActivityIndicator.swift */,
				9A815A7A2173C6A00042E293 /* WebMethod.swift */,
				9A815A7B2173C6A00042E293 /* WebErrorBase.swift */,
				9A815A7C2173C6A00042E293 /* WebMultiPartItem.swift */,
			);
			path = WebService;
			sourceTree = "<group>";
		};
		9A815A6D2173C6A00042E293 /* Alamofire */ = {
			isa = PBXGroup;
			children = (
				9A815A6E2173C6A00042E293 /* AlamofireWebHandler.swift */,
				9A815A6F2173C6A00042E293 /* AlamofireWebRequestAdapter.swift */,
				9A815A702173C6A00042E293 /* AlamofireWebService.swift */,
				9A815A712173C6A00042E293 /* AlamofireWebError.swift */,
			);
			path = Alamofire;
			sourceTree = "<group>";
		};
		9A815A8E2173C6AD0042E293 /* Services */ = {
			isa = PBXGroup;
			children = (
				9A20253821ABEA6C00BC8F87 /* MOYA */,
				9A6E9A09217FC3EC003D2565 /* ProfileService */,
				9A815C7A2173C8580042E293 /* AuthorizationService */,
				9A815C752173C81E0042E293 /* API */,
			);
			path = Services;
			sourceTree = "<group>";
		};
		9A815C752173C81E0042E293 /* API */ = {
			isa = PBXGroup;
			children = (
				9A815C772173C82C0042E293 /* APIWebService.swift */,
				9A815C762173C82C0042E293 /* DefaultAPIWebService.swift */,
			);
			path = API;
			sourceTree = "<group>";
		};
		9A815C7A2173C8580042E293 /* AuthorizationService */ = {
			isa = PBXGroup;
			children = (
				9A815EBD2173CBDE0042E293 /* AuthorizationExtractor.swift */,
				9A815EBC2173CBDE0042E293 /* DefaultAuthorizationExtractor.swift */,
				9A815C7C2173C86B0042E293 /* AuthorizationService.swift */,
				9A815C7B2173C86B0042E293 /* DefaultAuthorizationService.swift */,
			);
			path = AuthorizationService;
			sourceTree = "<group>";
		};
		9A815CA22173C99B0042E293 /* ViewControllers */ = {
			isa = PBXGroup;
			children = (
				9A815CA32173C99B0042E293 /* LoggedPageViewController.swift */,
				9A815CA42173C99B0042E293 /* LoggedTableViewController.swift */,
				9A815CA52173C99B0042E293 /* LoggedViewController.swift */,
				9A815CA62173C99B0042E293 /* LoggedNavigationController.swift */,
				9A815CA72173C99B0042E293 /* LoggedTabBarController.swift */,
			);
			path = ViewControllers;
			sourceTree = "<group>";
		};
		9A815CAF2173CB390042E293 /* Coders */ = {
			isa = PBXGroup;
			children = (
				9A815EB32173CBA50042E293 /* TokenCoder */,
				9A815EB22173CB9B0042E293 /* AccountCoder */,
			);
			path = Coders;
			sourceTree = "<group>";
		};
		9A815EB22173CB9B0042E293 /* AccountCoder */ = {
			isa = PBXGroup;
			children = (
				9A815EB82173CBB80042E293 /* AccountUserBufferCoder.swift */,
				9A815EB92173CBB80042E293 /* DefaultAccountUserBufferCoder.swift */,
			);
			path = AccountCoder;
			sourceTree = "<group>";
		};
		9A815EB32173CBA50042E293 /* TokenCoder */ = {
			isa = PBXGroup;
			children = (
				9A815EB42173CBB10042E293 /* DefaultTokensCoder.swift */,
				9A815EB52173CBB10042E293 /* TokensCoder.swift */,
			);
			path = TokenCoder;
			sourceTree = "<group>";
		};
		9A815EC02173CC000042E293 /* Configuration */ = {
			isa = PBXGroup;
			children = (
				9A9C230221C14CEB00F914E6 /* Colors.swift */,
				9A9C230721C14DB700F914E6 /* Fonts.swift */,
				9A815EC42173CC1B0042E293 /* Services.swift */,
				9A815EC12173CC0F0042E293 /* Keys */,
			);
			path = Configuration;
			sourceTree = "<group>";
		};
		9A815EC12173CC0F0042E293 /* Keys */ = {
			isa = PBXGroup;
			children = (
				9A815EC22173CC160042E293 /* Production.swift */,
			);
			path = Keys;
			sourceTree = "<group>";
		};
		9A815EC62173CC330042E293 /* Models */ = {
			isa = PBXGroup;
			children = (
				9A815EC72173CC440042E293 /* Token.swift */,
				9A6E9A0E217FC57D003D2565 /* Profile.swift */,
				9A9C22EC21BEB8B900F914E6 /* LoginModel.swift */,
				9A9C22EE21BEBD2500F914E6 /* Skill.swift */,
				9A9C22F821BFB1AA00F914E6 /* StepModel.swift */,
				9A9C22FA21BFB33500F914E6 /* ThemeModel.swift */,
				9A91755821C1A0A80033D056 /* CourseWork.swift */,
				9A553D9521C55B100054609D /* SuggestionModel.swift */,
				9A553D9B21C5C9180054609D /* CommentModel.swift */,
				9A133C3021C8308B006DA32D /* MaterialModel.swift */,
			);
			path = Models;
			sourceTree = "<group>";
		};
		9A815EC92173DDFF0042E293 /* TabBar */ = {
			isa = PBXGroup;
			children = (
				9A815ECA2173DE060042E293 /* Storyboards */,
				9A815ECD2173DE810042E293 /* MainTabBarController.swift */,
			);
			path = TabBar;
			sourceTree = "<group>";
		};
		9A815ECA2173DE060042E293 /* Storyboards */ = {
			isa = PBXGroup;
			children = (
				9A815ECB2173DE160042E293 /* Main.storyboard */,
			);
			path = Storyboards;
			sourceTree = "<group>";
		};
		9A91755A21C1AE090033D056 /* Date */ = {
			isa = PBXGroup;
			children = (
				9A91755B21C1AE210033D056 /* DateService.swift */,
			);
			path = Date;
			sourceTree = "<group>";
		};
		9A9C22FE21C14BC800F914E6 /* View */ = {
			isa = PBXGroup;
			children = (
				9A9C22FF21C14BD700F914E6 /* EmptyStateView.swift */,
			);
			path = View;
			sourceTree = "<group>";
		};
		9A9C230421C14D8300F914E6 /* Extensions */ = {
			isa = PBXGroup;
			children = (
				9A9C230521C14D8C00F914E6 /* UIColorExtension.swift */,
			);
			path = Extensions;
			sourceTree = "<group>";
		};
		9A9C230921C14DEC00F914E6 /* Views */ = {
			isa = PBXGroup;
			children = (
				9A9C230A21C14DF200F914E6 /* Button.swift */,
			);
			path = Views;
			sourceTree = "<group>";
		};
		9AEED50B21A49E8700A9FC03 /* Cell */ = {
			isa = PBXGroup;
			children = (
				9AEED50C21A49EA000A9FC03 /* CourseWorkTableViewCell.swift */,
				9AEED51221A4A81800A9FC03 /* ProgressTableViewCell.swift */,
				9A553D9921C5C60A0054609D /* StepCommentTableViewCell.swift */,
			);
			path = Cell;
			sourceTree = "<group>";
		};
		9AFC39EA218509C50021E57D /* Students */ = {
			isa = PBXGroup;
			children = (
				9AFC39FA2188E65C0021E57D /* Cell */,
				9AFC39EC218509D00021E57D /* Storyboards */,
				9AFC39F6218629AD0021E57D /* StudentsTableViewController.swift */,
				9AFC39F82188E62D0021E57D /* StudentProfileViewController.swift */,
			);
			path = Students;
			sourceTree = "<group>";
		};
		9AFC39EB218509CA0021E57D /* Themes */ = {
			isa = PBXGroup;
			children = (
				9AFC3A06218910B40021E57D /* Cell */,
				9AFC39ED218509D60021E57D /* Storyboards */,
				9AFC3A0421890F600021E57D /* ThemesTableViewController.swift */,
				9A455D86219237B6009F160A /* ThemeSuggestionViewController.swift */,
				9AFC39FD2188FD030021E57D /* SuggestionThemeForStudentViewController.swift */,
				9AFC39FF2188FEF40021E57D /* SubjectsTableViewController.swift */,
				9AEED50321A1F28E00A9FC03 /* FinalThemeViewController.swift */,
				9AEED50521A1FDC400A9FC03 /* EditThemeViewController.swift */,
			);
			path = Themes;
			sourceTree = "<group>";
		};
		9AFC39EC218509D00021E57D /* Storyboards */ = {
			isa = PBXGroup;
			children = (
				9AFC39EE218509E20021E57D /* Students.storyboard */,
			);
			path = Storyboards;
			sourceTree = "<group>";
		};
		9AFC39ED218509D60021E57D /* Storyboards */ = {
			isa = PBXGroup;
			children = (
				9AFC39F0218509E80021E57D /* Themes.storyboard */,
			);
			path = Storyboards;
			sourceTree = "<group>";
		};
		9AFC39FA2188E65C0021E57D /* Cell */ = {
			isa = PBXGroup;
			children = (
				9AFC39FB2188E6770021E57D /* StudentTableViewCell.swift */,
			);
			path = Cell;
			sourceTree = "<group>";
		};
		9AFC3A0121890A300021E57D /* Cell */ = {
			isa = PBXGroup;
			children = (
				9AFC3A0221890A400021E57D /* CompetitonTableViewCell.swift */,
				9AFC3A0921899B880021E57D /* EditCompetitionTableViewCell.swift */,
			);
			path = Cell;
			sourceTree = "<group>";
		};
		9AFC3A06218910B40021E57D /* Cell */ = {
			isa = PBXGroup;
			children = (
				9AFC3A072189117D0021E57D /* ThemeTableViewCell.swift */,
				9A455D8821923B67009F160A /* SuggestionThemeCommentTableViewCell.swift */,
			);
			path = Cell;
			sourceTree = "<group>";
		};
/* End PBXGroup section */

/* Begin PBXNativeTarget section */
		9A553D7521C3AB2B0054609D /* Curator AppUITests */ = {
			isa = PBXNativeTarget;
			buildConfigurationList = 9A553D7F21C3AB2B0054609D /* Build configuration list for PBXNativeTarget "Curator AppUITests" */;
			buildPhases = (
				9A553D7221C3AB2B0054609D /* Sources */,
				9A553D7321C3AB2B0054609D /* Frameworks */,
				9A553D7421C3AB2B0054609D /* Resources */,
			);
			buildRules = (
			);
			dependencies = (
				9A553D7C21C3AB2B0054609D /* PBXTargetDependency */,
			);
			name = "Curator AppUITests";
			productName = "Curator AppUITests";
			productReference = 9A553D7621C3AB2B0054609D /* Curator AppUITests.xctest */;
			productType = "com.apple.product-type.bundle.ui-testing";
		};
		9A7DC86E21728DF900F8B884 /* Curator App */ = {
			isa = PBXNativeTarget;
			buildConfigurationList = 9A7DC88121728DFB00F8B884 /* Build configuration list for PBXNativeTarget "Curator App" */;
			buildPhases = (
				E2E7E816F1B27EF55B1A79AB /* [CP] Check Pods Manifest.lock */,
				9A7DC86B21728DF900F8B884 /* Sources */,
				9A7DC86C21728DF900F8B884 /* Frameworks */,
				9A7DC86D21728DF900F8B884 /* Resources */,
				82EC4DB7A6FC0FC2362F738A /* [CP] Embed Pods Frameworks */,
				9AFC3A0D2189A4E00021E57D /* ShellScript */,
			);
			buildRules = (
			);
			dependencies = (
			);
			name = "Curator App";
			productName = "Curator App";
			productReference = 9A7DC86F21728DF900F8B884 /* Curator App.app */;
			productType = "com.apple.product-type.application";
		};
/* End PBXNativeTarget section */

/* Begin PBXProject section */
		9A7DC86721728DF900F8B884 /* Project object */ = {
			isa = PBXProject;
			attributes = {
				LastSwiftUpdateCheck = 1010;
				LastUpgradeCheck = 1000;
				ORGANIZATIONNAME = "ITIS Mobile Lab";
				TargetAttributes = {
					9A553D7521C3AB2B0054609D = {
						CreatedOnToolsVersion = 10.1;
						TestTargetID = 9A7DC86E21728DF900F8B884;
					};
					9A7DC86E21728DF900F8B884 = {
						CreatedOnToolsVersion = 10.0;
					};
				};
			};
			buildConfigurationList = 9A7DC86A21728DF900F8B884 /* Build configuration list for PBXProject "Curator App" */;
			compatibilityVersion = "Xcode 9.3";
			developmentRegion = en;
			hasScannedForEncodings = 0;
			knownRegions = (
				en,
				Base,
			);
			mainGroup = 9A7DC86621728DF900F8B884;
			productRefGroup = 9A7DC87021728DF900F8B884 /* Products */;
			projectDirPath = "";
			projectRoot = "";
			targets = (
				9A7DC86E21728DF900F8B884 /* Curator App */,
				9A553D7521C3AB2B0054609D /* Curator AppUITests */,
			);
		};
/* End PBXProject section */

/* Begin PBXResourcesBuildPhase section */
		9A553D7421C3AB2B0054609D /* Resources */ = {
			isa = PBXResourcesBuildPhase;
			buildActionMask = 2147483647;
			files = (
			);
			runOnlyForDeploymentPostprocessing = 0;
		};
		9A7DC86D21728DF900F8B884 /* Resources */ = {
			isa = PBXResourcesBuildPhase;
			buildActionMask = 2147483647;
			files = (
				9AFC39EF218509E20021E57D /* Students.storyboard in Resources */,
				9A7DC87D21728DFB00F8B884 /* LaunchScreen.storyboard in Resources */,
				9A7DC87A21728DFB00F8B884 /* Assets.xcassets in Resources */,
				9A6E9A06217FBADA003D2565 /* CourseWork.storyboard in Resources */,
				9A63FEAA21767D5500D74116 /* Profile.storyboard in Resources */,
				9A7DC87821728DF900F8B884 /* Login.storyboard in Resources */,
				9AFC39F1218509E80021E57D /* Themes.storyboard in Resources */,
				9A815ECC2173DE160042E293 /* Main.storyboard in Resources */,
			);
			runOnlyForDeploymentPostprocessing = 0;
		};
/* End PBXResourcesBuildPhase section */

/* Begin PBXShellScriptBuildPhase section */
		82EC4DB7A6FC0FC2362F738A /* [CP] Embed Pods Frameworks */ = {
			isa = PBXShellScriptBuildPhase;
			buildActionMask = 2147483647;
			files = (
			);
			inputFileListPaths = (
			);
			inputPaths = (
				"${SRCROOT}/Pods/Target Support Files/Pods-Curator App/Pods-Curator App-frameworks.sh",
				"${BUILT_PRODUCTS_DIR}/Alamofire/Alamofire.framework",
				"${BUILT_PRODUCTS_DIR}/BEMCheckBox/BEMCheckBox.framework",
				"${BUILT_PRODUCTS_DIR}/Gloss/Gloss.framework",
				"${BUILT_PRODUCTS_DIR}/IQKeyboardManagerSwift/IQKeyboardManagerSwift.framework",
				"${BUILT_PRODUCTS_DIR}/Moya/Moya.framework",
				"${BUILT_PRODUCTS_DIR}/Nuke/Nuke.framework",
				"${BUILT_PRODUCTS_DIR}/PromiseKit/PromiseKit.framework",
				"${BUILT_PRODUCTS_DIR}/Result/Result.framework",
			);
			name = "[CP] Embed Pods Frameworks";
			outputFileListPaths = (
			);
			outputPaths = (
				"${TARGET_BUILD_DIR}/${FRAMEWORKS_FOLDER_PATH}/Alamofire.framework",
				"${TARGET_BUILD_DIR}/${FRAMEWORKS_FOLDER_PATH}/BEMCheckBox.framework",
				"${TARGET_BUILD_DIR}/${FRAMEWORKS_FOLDER_PATH}/Gloss.framework",
				"${TARGET_BUILD_DIR}/${FRAMEWORKS_FOLDER_PATH}/IQKeyboardManagerSwift.framework",
				"${TARGET_BUILD_DIR}/${FRAMEWORKS_FOLDER_PATH}/Moya.framework",
				"${TARGET_BUILD_DIR}/${FRAMEWORKS_FOLDER_PATH}/Nuke.framework",
				"${TARGET_BUILD_DIR}/${FRAMEWORKS_FOLDER_PATH}/PromiseKit.framework",
				"${TARGET_BUILD_DIR}/${FRAMEWORKS_FOLDER_PATH}/Result.framework",
			);
			runOnlyForDeploymentPostprocessing = 0;
			shellPath = /bin/sh;
			shellScript = "\"${SRCROOT}/Pods/Target Support Files/Pods-Curator App/Pods-Curator App-frameworks.sh\"\n";
			showEnvVarsInLog = 0;
		};
		9AFC3A0D2189A4E00021E57D /* ShellScript */ = {
			isa = PBXShellScriptBuildPhase;
			buildActionMask = 2147483647;
			files = (
			);
			inputFileListPaths = (
			);
			inputPaths = (
				"$(BUILT_PRODUCTS_DIR)/$(INFOPLIST_PATH)",
			);
			outputFileListPaths = (
			);
			outputPaths = (
			);
			runOnlyForDeploymentPostprocessing = 0;
			shellPath = /bin/sh;
			shellScript = "\"${PODS_ROOT}/Fabric/run\" 9458e486ed62cc4bc65c02c28a880b79348cfb36 ceb4f34ff5ba5f69fdcdee49af4cc640b3c30eeca56fd85f994d59093c25ab6a\n";
		};
		E2E7E816F1B27EF55B1A79AB /* [CP] Check Pods Manifest.lock */ = {
			isa = PBXShellScriptBuildPhase;
			buildActionMask = 2147483647;
			files = (
			);
			inputFileListPaths = (
			);
			inputPaths = (
				"${PODS_PODFILE_DIR_PATH}/Podfile.lock",
				"${PODS_ROOT}/Manifest.lock",
			);
			name = "[CP] Check Pods Manifest.lock";
			outputFileListPaths = (
			);
			outputPaths = (
				"$(DERIVED_FILE_DIR)/Pods-Curator App-checkManifestLockResult.txt",
			);
			runOnlyForDeploymentPostprocessing = 0;
			shellPath = /bin/sh;
			shellScript = "diff \"${PODS_PODFILE_DIR_PATH}/Podfile.lock\" \"${PODS_ROOT}/Manifest.lock\" > /dev/null\nif [ $? != 0 ] ; then\n    # print error to STDERR\n    echo \"error: The sandbox is not in sync with the Podfile.lock. Run 'pod install' or update your CocoaPods installation.\" >&2\n    exit 1\nfi\n# This output is used by Xcode 'outputs' to avoid re-running this script phase.\necho \"SUCCESS\" > \"${SCRIPT_OUTPUT_FILE_0}\"\n";
			showEnvVarsInLog = 0;
		};
/* End PBXShellScriptBuildPhase section */

/* Begin PBXSourcesBuildPhase section */
		9A553D7221C3AB2B0054609D /* Sources */ = {
			isa = PBXSourcesBuildPhase;
			buildActionMask = 2147483647;
			files = (
				9A553D8F21C3AEE60054609D /* UserData.swift in Sources */,
				9A553D7921C3AB2B0054609D /* Curator_AppUITests.swift in Sources */,
				9A553D8321C3AC5C0054609D /* AppManager.swift in Sources */,
				9A553D8821C3AD360054609D /* LoginHelper.swift in Sources */,
				9A553D8621C3AD260054609D /* HelperBase.swift in Sources */,
				9A553D8A21C3AE370054609D /* TestBase.swift in Sources */,
			);
			runOnlyForDeploymentPostprocessing = 0;
		};
		9A7DC86B21728DF900F8B884 /* Sources */ = {
			isa = PBXSourcesBuildPhase;
			buildActionMask = 2147483647;
			files = (
				9A9C22EB21BEB12200F914E6 /* MoyaLoginService.swift in Sources */,
				9A815EBF2173CBDE0042E293 /* AuthorizationExtractor.swift in Sources */,
				9A815A832173C6A00042E293 /* WebRequest.swift in Sources */,
				9A91755921C1A0A80033D056 /* CourseWork.swift in Sources */,
				9A815A872173C6A00042E293 /* WebRequestAdapter.swift in Sources */,
				9A6E9A0F217FC57D003D2565 /* Profile.swift in Sources */,
				9A815A812173C6A00042E293 /* AlamofireWebService.swift in Sources */,
				9A6E9A11217FC79C003D2565 /* ProfileExtractor.swift in Sources */,
				9A6E9A00217FB6D9003D2565 /* CompetentionsTableViewController.swift in Sources */,
				9A815A892173C6A00042E293 /* WebService.swift in Sources */,
				9AFC3A0521890F600021E57D /* ThemesTableViewController.swift in Sources */,
				9AFC39FE2188FD030021E57D /* SuggestionThemeForStudentViewController.swift in Sources */,
				9AEED51121A4A6D300A9FC03 /* ProgressViewController.swift in Sources */,
				9A815A7D2173C6A00042E293 /* WebStatusCode.swift in Sources */,
				9AFC3A0C21899BC20021E57D /* EditCompetitionTableViewController.swift in Sources */,
				9A815C792173C82C0042E293 /* APIWebService.swift in Sources */,
				9AEED51321A4A81800A9FC03 /* ProgressTableViewCell.swift in Sources */,
				9A815A842173C6A00042E293 /* WebMultiPart.swift in Sources */,
				9A23E64F21ADF1700015B779 /* DetailWorkStepViewController.swift in Sources */,
				9AFC39F92188E62D0021E57D /* StudentProfileViewController.swift in Sources */,
				9A6E9A13217FC7E2003D2565 /* DefaultProfileExtractor.swift in Sources */,
				9A63FEB121772DC000D74116 /* CourseWorksTableViewController.swift in Sources */,
				9A815A882173C6A00042E293 /* WebActivityIndicator.swift in Sources */,
				9A815C7E2173C86B0042E293 /* AuthorizationService.swift in Sources */,
				9A6E9A0D217FC41A003D2565 /* DefaultProfileService.swift in Sources */,
				9A815A822173C6A00042E293 /* AlamofireWebError.swift in Sources */,
				9A815EBA2173CBB80042E293 /* AccountUserBufferCoder.swift in Sources */,
				9A455D87219237B6009F160A /* ThemeSuggestionViewController.swift in Sources */,
				9A9C22EF21BEBD2500F914E6 /* Skill.swift in Sources */,
				9A9C22FD21C05C8B00F914E6 /* MoyaSkillService.swift in Sources */,
				9A815A8D2173C6A00042E293 /* WebMultiPartItem.swift in Sources */,
				9A815A67217369550042E293 /* LoginViewController.swift in Sources */,
				9A815EC32173CC160042E293 /* Production.swift in Sources */,
				9A553D9C21C5C9180054609D /* CommentModel.swift in Sources */,
				9AFC39FC2188E6770021E57D /* StudentTableViewCell.swift in Sources */,
				9A9C22F721BEFBF000F914E6 /* MoyaWorksService.swift in Sources */,
				9A815EC82173CC440042E293 /* Token.swift in Sources */,
				9A9C230B21C14DF200F914E6 /* Button.swift in Sources */,
				9A9C22F321BEF17300F914E6 /* MoyaThemesService.swift in Sources */,
				9A23E64D21ADE8390015B779 /* CreateCourseWorkStepViewController.swift in Sources */,
				9A815EBB2173CBB80042E293 /* DefaultAccountUserBufferCoder.swift in Sources */,
				9AEED50F21A4A5B900A9FC03 /* DetailCourseWorkViewController.swift in Sources */,
				9A553D9A21C5C60A0054609D /* StepCommentTableViewCell.swift in Sources */,
				9AFC3A0321890A400021E57D /* CompetitonTableViewCell.swift in Sources */,
				9A0FBA0921BD588500748346 /* MoyaProfileService.swift in Sources */,
				9A9C230821C14DB700F914E6 /* Fonts.swift in Sources */,
				9AFC3A0A21899B880021E57D /* EditCompetitionTableViewCell.swift in Sources */,
				9A815C7D2173C86B0042E293 /* DefaultAuthorizationService.swift in Sources */,
				9A815EB72173CBB10042E293 /* TokensCoder.swift in Sources */,
				9A9C230321C14CEB00F914E6 /* Colors.swift in Sources */,
				9A133C2F21C82F85006DA32D /* MaterialsTableViewController.swift in Sources */,
				9A455D8921923B67009F160A /* SuggestionThemeCommentTableViewCell.swift in Sources */,
				9A815EBE2173CBDE0042E293 /* DefaultAuthorizationExtractor.swift in Sources */,
				9A9C22F121BEF12300F914E6 /* MoyaServices.swift in Sources */,
				9A815ECE2173DE810042E293 /* MainTabBarController.swift in Sources */,
				9A9C22FB21BFB33500F914E6 /* ThemeModel.swift in Sources */,
				9A815A802173C6A00042E293 /* AlamofireWebRequestAdapter.swift in Sources */,
				9AEED50D21A49EA000A9FC03 /* CourseWorkTableViewCell.swift in Sources */,
				9A63FE9E2175D86100D74116 /* ProfileViewController.swift in Sources */,
				9AEED50421A1F28E00A9FC03 /* FinalThemeViewController.swift in Sources */,
				9A553D9621C55B100054609D /* SuggestionModel.swift in Sources */,
				9A815A7E2173C6A00042E293 /* WebMultiPartDataItem.swift in Sources */,
				9A133C3121C8308B006DA32D /* MaterialModel.swift in Sources */,
				9A133C3321C8352D006DA32D /* AddMaterialViewController.swift in Sources */,
				9A91755C21C1AE210033D056 /* DateService.swift in Sources */,
				9AFC39F7218629AD0021E57D /* StudentsTableViewController.swift in Sources */,
				9A9C230021C14BD700F914E6 /* EmptyStateView.swift in Sources */,
				9A815EB62173CBB10042E293 /* DefaultTokensCoder.swift in Sources */,
				9A815A7F2173C6A00042E293 /* AlamofireWebHandler.swift in Sources */,
				9A815A8B2173C6A00042E293 /* WebMethod.swift in Sources */,
				9A815CA92173C99B0042E293 /* LoggedTableViewController.swift in Sources */,
				9A815CAA2173C99B0042E293 /* LoggedViewController.swift in Sources */,
				9A7DC87321728DF900F8B884 /* AppDelegate.swift in Sources */,
				9A553D9221C3FB550054609D /* MoyaSubjectService.swift in Sources */,
				9AFC3A082189117D0021E57D /* ThemeTableViewCell.swift in Sources */,
				9AEED50621A1FDC400A9FC03 /* EditThemeViewController.swift in Sources */,
				9A63FEAF21772D1700D74116 /* CompetitionsViewController.swift in Sources */,
				9A815A8C2173C6A00042E293 /* WebErrorBase.swift in Sources */,
				9A815CAC2173C99B0042E293 /* LoggedTabBarController.swift in Sources */,
				9A815A8A2173C6A00042E293 /* UIWebActivityIndicator.swift in Sources */,
				9A6E9A0B217FC401003D2565 /* ProfileService.swift in Sources */,
				9A9C230621C14D8C00F914E6 /* UIColorExtension.swift in Sources */,
				9A63FEAD2177285F00D74116 /* AboutMyselfViewController.swift in Sources */,
				9A9C22F921BFB1AA00F914E6 /* StepModel.swift in Sources */,
				9A815CAB2173C99B0042E293 /* LoggedNavigationController.swift in Sources */,
				9A815A852173C6A00042E293 /* WebError.swift in Sources */,
				9A553D9421C43A750054609D /* MoyaStudentService.swift in Sources */,
				9A815A862173C6A00042E293 /* WebHandler.swift in Sources */,
				9AFC3A002188FEF40021E57D /* SubjectsTableViewController.swift in Sources */,
				9A6E9A08217FBF2A003D2565 /* CourseWorkTableViewController.swift in Sources */,
				9A9C22ED21BEB8B900F914E6 /* LoginModel.swift in Sources */,
				9A815C782173C82C0042E293 /* DefaultAPIWebService.swift in Sources */,
				9A815EC52173CC1B0042E293 /* Services.swift in Sources */,
				9A815CA82173C99B0042E293 /* LoggedPageViewController.swift in Sources */,
				9A815CAE2173CAD50042E293 /* Log.swift in Sources */,
			);
			runOnlyForDeploymentPostprocessing = 0;
		};
/* End PBXSourcesBuildPhase section */

/* Begin PBXTargetDependency section */
		9A553D7C21C3AB2B0054609D /* PBXTargetDependency */ = {
			isa = PBXTargetDependency;
			target = 9A7DC86E21728DF900F8B884 /* Curator App */;
			targetProxy = 9A553D7B21C3AB2B0054609D /* PBXContainerItemProxy */;
		};
/* End PBXTargetDependency section */

/* Begin PBXVariantGroup section */
		9A7DC87621728DF900F8B884 /* Login.storyboard */ = {
			isa = PBXVariantGroup;
			children = (
				9A7DC87721728DF900F8B884 /* Base */,
			);
			name = Login.storyboard;
			sourceTree = "<group>";
		};
		9A7DC87B21728DFB00F8B884 /* LaunchScreen.storyboard */ = {
			isa = PBXVariantGroup;
			children = (
				9A7DC87C21728DFB00F8B884 /* Base */,
			);
			name = LaunchScreen.storyboard;
			sourceTree = "<group>";
		};
/* End PBXVariantGroup section */

/* Begin XCBuildConfiguration section */
		9A553D7D21C3AB2B0054609D /* Debug */ = {
			isa = XCBuildConfiguration;
			buildSettings = {
				CODE_SIGN_STYLE = Automatic;
				DEVELOPMENT_TEAM = 4RKR6MD56N;
				INFOPLIST_FILE = "Curator AppUITests/Info.plist";
				IPHONEOS_DEPLOYMENT_TARGET = 12.1;
				LD_RUNPATH_SEARCH_PATHS = (
					"$(inherited)",
					"@executable_path/Frameworks",
					"@loader_path/Frameworks",
				);
				PRODUCT_BUNDLE_IDENTIFIER = "com.blvvvck.RxLearning.Curator-AppUITests";
				PRODUCT_NAME = "$(TARGET_NAME)";
				SWIFT_VERSION = 4.2;
				TARGETED_DEVICE_FAMILY = "1,2";
				TEST_TARGET_NAME = "Curator App";
			};
			name = Debug;
		};
		9A553D7E21C3AB2B0054609D /* Release */ = {
			isa = XCBuildConfiguration;
			buildSettings = {
				CODE_SIGN_STYLE = Automatic;
				DEVELOPMENT_TEAM = 4RKR6MD56N;
				INFOPLIST_FILE = "Curator AppUITests/Info.plist";
				IPHONEOS_DEPLOYMENT_TARGET = 12.1;
				LD_RUNPATH_SEARCH_PATHS = (
					"$(inherited)",
					"@executable_path/Frameworks",
					"@loader_path/Frameworks",
				);
				PRODUCT_BUNDLE_IDENTIFIER = "com.blvvvck.RxLearning.Curator-AppUITests";
				PRODUCT_NAME = "$(TARGET_NAME)";
				SWIFT_VERSION = 4.2;
				TARGETED_DEVICE_FAMILY = "1,2";
				TEST_TARGET_NAME = "Curator App";
			};
			name = Release;
		};
		9A7DC87F21728DFB00F8B884 /* Debug */ = {
			isa = XCBuildConfiguration;
			buildSettings = {
				ALWAYS_SEARCH_USER_PATHS = NO;
				CLANG_ANALYZER_NONNULL = YES;
				CLANG_ANALYZER_NUMBER_OBJECT_CONVERSION = YES_AGGRESSIVE;
				CLANG_CXX_LANGUAGE_STANDARD = "gnu++14";
				CLANG_CXX_LIBRARY = "libc++";
				CLANG_ENABLE_MODULES = YES;
				CLANG_ENABLE_OBJC_ARC = YES;
				CLANG_ENABLE_OBJC_WEAK = YES;
				CLANG_WARN_BLOCK_CAPTURE_AUTORELEASING = YES;
				CLANG_WARN_BOOL_CONVERSION = YES;
				CLANG_WARN_COMMA = YES;
				CLANG_WARN_CONSTANT_CONVERSION = YES;
				CLANG_WARN_DEPRECATED_OBJC_IMPLEMENTATIONS = YES;
				CLANG_WARN_DIRECT_OBJC_ISA_USAGE = YES_ERROR;
				CLANG_WARN_DOCUMENTATION_COMMENTS = YES;
				CLANG_WARN_EMPTY_BODY = YES;
				CLANG_WARN_ENUM_CONVERSION = YES;
				CLANG_WARN_INFINITE_RECURSION = YES;
				CLANG_WARN_INT_CONVERSION = YES;
				CLANG_WARN_NON_LITERAL_NULL_CONVERSION = YES;
				CLANG_WARN_OBJC_IMPLICIT_RETAIN_SELF = YES;
				CLANG_WARN_OBJC_LITERAL_CONVERSION = YES;
				CLANG_WARN_OBJC_ROOT_CLASS = YES_ERROR;
				CLANG_WARN_RANGE_LOOP_ANALYSIS = YES;
				CLANG_WARN_STRICT_PROTOTYPES = YES;
				CLANG_WARN_SUSPICIOUS_MOVE = YES;
				CLANG_WARN_UNGUARDED_AVAILABILITY = YES_AGGRESSIVE;
				CLANG_WARN_UNREACHABLE_CODE = YES;
				CLANG_WARN__DUPLICATE_METHOD_MATCH = YES;
				CODE_SIGN_IDENTITY = "iPhone Developer";
				COPY_PHASE_STRIP = NO;
				DEBUG_INFORMATION_FORMAT = dwarf;
				ENABLE_STRICT_OBJC_MSGSEND = YES;
				ENABLE_TESTABILITY = YES;
				GCC_C_LANGUAGE_STANDARD = gnu11;
				GCC_DYNAMIC_NO_PIC = NO;
				GCC_NO_COMMON_BLOCKS = YES;
				GCC_OPTIMIZATION_LEVEL = 0;
				GCC_PREPROCESSOR_DEFINITIONS = (
					"DEBUG=1",
					"$(inherited)",
				);
				GCC_WARN_64_TO_32_BIT_CONVERSION = YES;
				GCC_WARN_ABOUT_RETURN_TYPE = YES_ERROR;
				GCC_WARN_UNDECLARED_SELECTOR = YES;
				GCC_WARN_UNINITIALIZED_AUTOS = YES_AGGRESSIVE;
				GCC_WARN_UNUSED_FUNCTION = YES;
				GCC_WARN_UNUSED_VARIABLE = YES;
				IPHONEOS_DEPLOYMENT_TARGET = 12.0;
				MTL_ENABLE_DEBUG_INFO = INCLUDE_SOURCE;
				MTL_FAST_MATH = YES;
				ONLY_ACTIVE_ARCH = YES;
				SDKROOT = iphoneos;
				SWIFT_ACTIVE_COMPILATION_CONDITIONS = DEBUG;
				SWIFT_OPTIMIZATION_LEVEL = "-Onone";
			};
			name = Debug;
		};
		9A7DC88021728DFB00F8B884 /* Release */ = {
			isa = XCBuildConfiguration;
			buildSettings = {
				ALWAYS_SEARCH_USER_PATHS = NO;
				CLANG_ANALYZER_NONNULL = YES;
				CLANG_ANALYZER_NUMBER_OBJECT_CONVERSION = YES_AGGRESSIVE;
				CLANG_CXX_LANGUAGE_STANDARD = "gnu++14";
				CLANG_CXX_LIBRARY = "libc++";
				CLANG_ENABLE_MODULES = YES;
				CLANG_ENABLE_OBJC_ARC = YES;
				CLANG_ENABLE_OBJC_WEAK = YES;
				CLANG_WARN_BLOCK_CAPTURE_AUTORELEASING = YES;
				CLANG_WARN_BOOL_CONVERSION = YES;
				CLANG_WARN_COMMA = YES;
				CLANG_WARN_CONSTANT_CONVERSION = YES;
				CLANG_WARN_DEPRECATED_OBJC_IMPLEMENTATIONS = YES;
				CLANG_WARN_DIRECT_OBJC_ISA_USAGE = YES_ERROR;
				CLANG_WARN_DOCUMENTATION_COMMENTS = YES;
				CLANG_WARN_EMPTY_BODY = YES;
				CLANG_WARN_ENUM_CONVERSION = YES;
				CLANG_WARN_INFINITE_RECURSION = YES;
				CLANG_WARN_INT_CONVERSION = YES;
				CLANG_WARN_NON_LITERAL_NULL_CONVERSION = YES;
				CLANG_WARN_OBJC_IMPLICIT_RETAIN_SELF = YES;
				CLANG_WARN_OBJC_LITERAL_CONVERSION = YES;
				CLANG_WARN_OBJC_ROOT_CLASS = YES_ERROR;
				CLANG_WARN_RANGE_LOOP_ANALYSIS = YES;
				CLANG_WARN_STRICT_PROTOTYPES = YES;
				CLANG_WARN_SUSPICIOUS_MOVE = YES;
				CLANG_WARN_UNGUARDED_AVAILABILITY = YES_AGGRESSIVE;
				CLANG_WARN_UNREACHABLE_CODE = YES;
				CLANG_WARN__DUPLICATE_METHOD_MATCH = YES;
				CODE_SIGN_IDENTITY = "iPhone Developer";
				COPY_PHASE_STRIP = NO;
				DEBUG_INFORMATION_FORMAT = "dwarf-with-dsym";
				ENABLE_NS_ASSERTIONS = NO;
				ENABLE_STRICT_OBJC_MSGSEND = YES;
				GCC_C_LANGUAGE_STANDARD = gnu11;
				GCC_NO_COMMON_BLOCKS = YES;
				GCC_WARN_64_TO_32_BIT_CONVERSION = YES;
				GCC_WARN_ABOUT_RETURN_TYPE = YES_ERROR;
				GCC_WARN_UNDECLARED_SELECTOR = YES;
				GCC_WARN_UNINITIALIZED_AUTOS = YES_AGGRESSIVE;
				GCC_WARN_UNUSED_FUNCTION = YES;
				GCC_WARN_UNUSED_VARIABLE = YES;
				IPHONEOS_DEPLOYMENT_TARGET = 12.0;
				MTL_ENABLE_DEBUG_INFO = NO;
				MTL_FAST_MATH = YES;
				SDKROOT = iphoneos;
				SWIFT_COMPILATION_MODE = wholemodule;
				SWIFT_OPTIMIZATION_LEVEL = "-O";
				VALIDATE_PRODUCT = YES;
			};
			name = Release;
		};
		9A7DC88221728DFB00F8B884 /* Debug */ = {
			isa = XCBuildConfiguration;
			baseConfigurationReference = E30F42F27E4587220918FC53 /* Pods-Curator App.debug.xcconfig */;
			buildSettings = {
				ASSETCATALOG_COMPILER_APPICON_NAME = AppIcon;
				CODE_SIGN_STYLE = Manual;
				DEVELOPMENT_TEAM = PQHSF52J78;
				FRAMEWORK_SEARCH_PATHS = (
					"$(inherited)",
					"$(PROJECT_DIR)",
				);
				INFOPLIST_FILE = "Curator App/Info.plist";
				LD_RUNPATH_SEARCH_PATHS = (
					"$(inherited)",
					"@executable_path/Frameworks",
				);
				PRODUCT_BUNDLE_IDENTIFIER = com.blvvvck.ITITSCourseProject3.CuratorApp;
				PRODUCT_NAME = "$(TARGET_NAME)";
				PROVISIONING_PROFILE_SPECIFIER = CuratorAppDevelopment;
				SWIFT_VERSION = 4.2;
				TARGETED_DEVICE_FAMILY = "1,2";
			};
			name = Debug;
		};
		9A7DC88321728DFB00F8B884 /* Release */ = {
			isa = XCBuildConfiguration;
			baseConfigurationReference = 5F153273B2FFE105DFF06EDC /* Pods-Curator App.release.xcconfig */;
			buildSettings = {
				ASSETCATALOG_COMPILER_APPICON_NAME = AppIcon;
				CODE_SIGN_IDENTITY = "iPhone Distribution";
				CODE_SIGN_STYLE = Manual;
				DEVELOPMENT_TEAM = PQHSF52J78;
				FRAMEWORK_SEARCH_PATHS = (
					"$(inherited)",
					"$(PROJECT_DIR)",
				);
				INFOPLIST_FILE = "Curator App/Info.plist";
				LD_RUNPATH_SEARCH_PATHS = (
					"$(inherited)",
					"@executable_path/Frameworks",
				);
				PRODUCT_BUNDLE_IDENTIFIER = com.blvvvck.ITITSCourseProject3.CuratorApp;
				PRODUCT_NAME = "$(TARGET_NAME)";
				PROVISIONING_PROFILE_SPECIFIER = "CuratorApp AdHoc";
				SWIFT_VERSION = 4.2;
				TARGETED_DEVICE_FAMILY = "1,2";
			};
			name = Release;
		};
/* End XCBuildConfiguration section */

/* Begin XCConfigurationList section */
		9A553D7F21C3AB2B0054609D /* Build configuration list for PBXNativeTarget "Curator AppUITests" */ = {
			isa = XCConfigurationList;
			buildConfigurations = (
				9A553D7D21C3AB2B0054609D /* Debug */,
				9A553D7E21C3AB2B0054609D /* Release */,
			);
			defaultConfigurationIsVisible = 0;
			defaultConfigurationName = Release;
		};
		9A7DC86A21728DF900F8B884 /* Build configuration list for PBXProject "Curator App" */ = {
			isa = XCConfigurationList;
			buildConfigurations = (
				9A7DC87F21728DFB00F8B884 /* Debug */,
				9A7DC88021728DFB00F8B884 /* Release */,
			);
			defaultConfigurationIsVisible = 0;
			defaultConfigurationName = Release;
		};
		9A7DC88121728DFB00F8B884 /* Build configuration list for PBXNativeTarget "Curator App" */ = {
			isa = XCConfigurationList;
			buildConfigurations = (
				9A7DC88221728DFB00F8B884 /* Debug */,
				9A7DC88321728DFB00F8B884 /* Release */,
			);
			defaultConfigurationIsVisible = 0;
			defaultConfigurationName = Release;
		};
/* End XCConfigurationList section */
	};
	rootObject = 9A7DC86721728DF900F8B884 /* Project object */;
}
